// !$*UTF8*$!
{
	archiveVersion = 1;
	classes = {
	};
	objectVersion = 56;
	objects = {

/* Begin PBXBuildFile section */
		733196EA295E2FB700336E61 /* StackBuilder.swift in Sources */ = {isa = PBXBuildFile; fileRef = 733196E9295E2FB700336E61 /* StackBuilder.swift */; };
		73319D28295F5FA900336E61 /* HttpService.swift in Sources */ = {isa = PBXBuildFile; fileRef = 73319D27295F5FA900336E61 /* HttpService.swift */; };
		73319D2D295F645100336E61 /* Reachability.swift in Sources */ = {isa = PBXBuildFile; fileRef = 73319D2C295F645100336E61 /* Reachability.swift */; };
		73319D2F295F64FE00336E61 /* NetworkError.swift in Sources */ = {isa = PBXBuildFile; fileRef = 73319D2E295F64FE00336E61 /* NetworkError.swift */; };
		73319D31295F661D00336E61 /* Data+Ext.swift in Sources */ = {isa = PBXBuildFile; fileRef = 73319D30295F661D00336E61 /* Data+Ext.swift */; };
		73319D33295F668900336E61 /* DateFormatter+Ext.swift in Sources */ = {isa = PBXBuildFile; fileRef = 73319D32295F668900336E61 /* DateFormatter+Ext.swift */; };
		73319D35295F6A7500336E61 /* Encodable+ext.swift in Sources */ = {isa = PBXBuildFile; fileRef = 73319D34295F6A7500336E61 /* Encodable+ext.swift */; };
		73319D3F295F886800336E61 /* World.swift in Sources */ = {isa = PBXBuildFile; fileRef = 73319D3E295F886800336E61 /* World.swift */; };
		73319D472960832300336E61 /* HeroView.swift in Sources */ = {isa = PBXBuildFile; fileRef = 73319D462960832300336E61 /* HeroView.swift */; };
		73319D4A29608C9A00336E61 /* Localizable.strings in Resources */ = {isa = PBXBuildFile; fileRef = 73319D4929608C9A00336E61 /* Localizable.strings */; };
		73319D4E29608D2000336E61 /* Strings.generated.swift in Sources */ = {isa = PBXBuildFile; fileRef = 73319D4D29608D2000336E61 /* Strings.generated.swift */; };
		73319D512960965A00336E61 /* SnapshotTesting in Frameworks */ = {isa = PBXBuildFile; productRef = 73319D502960965A00336E61 /* SnapshotTesting */; };
		73319D5A2960970E00336E61 /* TestSupport.h in Headers */ = {isa = PBXBuildFile; fileRef = 73319D592960970E00336E61 /* TestSupport.h */; settings = {ATTRIBUTES = (Public, ); }; };
		73319D5F2960971C00336E61 /* TestSupport.framework in Frameworks */ = {isa = PBXBuildFile; fileRef = 73319D572960970E00336E61 /* TestSupport.framework */; };
		73319D602960971C00336E61 /* TestSupport.framework in Embed Frameworks */ = {isa = PBXBuildFile; fileRef = 73319D572960970E00336E61 /* TestSupport.framework */; settings = {ATTRIBUTES = (CodeSignOnCopy, RemoveHeadersOnCopy, ); }; };
		73319D6A2960986100336E61 /* UIView+ext.swift in Sources */ = {isa = PBXBuildFile; fileRef = 73319D682960986000336E61 /* UIView+ext.swift */; };
		73319D6B2960986100336E61 /* Date+ext.swift in Sources */ = {isa = PBXBuildFile; fileRef = 73319D692960986000336E61 /* Date+ext.swift */; };
		739ECFD2295DDCD400B79A27 /* Core.framework in Frameworks */ = {isa = PBXBuildFile; fileRef = 739ECFC9295DDCD400B79A27 /* Core.framework */; };
		739ECFD7295DDCD400B79A27 /* HeroViewTests.swift in Sources */ = {isa = PBXBuildFile; fileRef = 739ECFD6295DDCD400B79A27 /* HeroViewTests.swift */; };
		739ECFD8295DDCD400B79A27 /* Core.h in Headers */ = {isa = PBXBuildFile; fileRef = 739ECFCC295DDCD400B79A27 /* Core.h */; settings = {ATTRIBUTES = (Public, ); }; };
		739ED023295DE49000B79A27 /* Coordinator.swift in Sources */ = {isa = PBXBuildFile; fileRef = 739ED022295DE49000B79A27 /* Coordinator.swift */; };
		739ED21E295E091900B79A27 /* CascadeOperator.swift in Sources */ = {isa = PBXBuildFile; fileRef = 739ED21D295E091900B79A27 /* CascadeOperator.swift */; };
		739ED224295E099F00B79A27 /* Controller.swift in Sources */ = {isa = PBXBuildFile; fileRef = 739ED223295E099F00B79A27 /* Controller.swift */; };
		739ED22A295E0CA500B79A27 /* ContainerView.swift in Sources */ = {isa = PBXBuildFile; fileRef = 739ED229295E0CA500B79A27 /* ContainerView.swift */; };
		739ED232295E134C00B79A27 /* TinyConstraints in Frameworks */ = {isa = PBXBuildFile; productRef = 739ED231295E134C00B79A27 /* TinyConstraints */; };
		739ED237295E152200B79A27 /* Weakable.swift in Sources */ = {isa = PBXBuildFile; fileRef = 739ED236295E152200B79A27 /* Weakable.swift */; };
		73F59BBF295E20860072985B /* NavigationController.swift in Sources */ = {isa = PBXBuildFile; fileRef = 73F59BBE295E20860072985B /* NavigationController.swift */; };
		73F59DBD295E26560072985B /* UITableView+ext.swift in Sources */ = {isa = PBXBuildFile; fileRef = 73F59DBC295E26560072985B /* UITableView+ext.swift */; };
		73F59DC3295E2E430072985B /* SpacingConstants.swift in Sources */ = {isa = PBXBuildFile; fileRef = 73F59DC2295E2E430072985B /* SpacingConstants.swift */; };
/* End PBXBuildFile section */

/* Begin PBXContainerItemProxy section */
		73319D612960971C00336E61 /* PBXContainerItemProxy */ = {
			isa = PBXContainerItemProxy;
			containerPortal = 739ECFC0295DDCD400B79A27 /* Project object */;
			proxyType = 1;
			remoteGlobalIDString = 73319D562960970E00336E61;
			remoteInfo = TestSupport;
		};
		739ECFD3295DDCD400B79A27 /* PBXContainerItemProxy */ = {
			isa = PBXContainerItemProxy;
			containerPortal = 739ECFC0295DDCD400B79A27 /* Project object */;
			proxyType = 1;
			remoteGlobalIDString = 739ECFC8295DDCD400B79A27;
			remoteInfo = Core;
		};
/* End PBXContainerItemProxy section */

/* Begin PBXCopyFilesBuildPhase section */
		73319D632960971C00336E61 /* Embed Frameworks */ = {
			isa = PBXCopyFilesBuildPhase;
			buildActionMask = 2147483647;
			dstPath = "";
			dstSubfolderSpec = 10;
			files = (
				73319D602960971C00336E61 /* TestSupport.framework in Embed Frameworks */,
			);
			name = "Embed Frameworks";
			runOnlyForDeploymentPostprocessing = 0;
		};
/* End PBXCopyFilesBuildPhase section */

/* Begin PBXFileReference section */
		733196E9295E2FB700336E61 /* StackBuilder.swift */ = {isa = PBXFileReference; lastKnownFileType = sourcecode.swift; path = StackBuilder.swift; sourceTree = "<group>"; };
		73319D27295F5FA900336E61 /* HttpService.swift */ = {isa = PBXFileReference; lastKnownFileType = sourcecode.swift; path = HttpService.swift; sourceTree = "<group>"; };
		73319D2C295F645100336E61 /* Reachability.swift */ = {isa = PBXFileReference; lastKnownFileType = sourcecode.swift; path = Reachability.swift; sourceTree = "<group>"; };
		73319D2E295F64FE00336E61 /* NetworkError.swift */ = {isa = PBXFileReference; lastKnownFileType = sourcecode.swift; path = NetworkError.swift; sourceTree = "<group>"; };
		73319D30295F661D00336E61 /* Data+Ext.swift */ = {isa = PBXFileReference; lastKnownFileType = sourcecode.swift; path = "Data+Ext.swift"; sourceTree = "<group>"; };
		73319D32295F668900336E61 /* DateFormatter+Ext.swift */ = {isa = PBXFileReference; lastKnownFileType = sourcecode.swift; path = "DateFormatter+Ext.swift"; sourceTree = "<group>"; };
		73319D34295F6A7500336E61 /* Encodable+ext.swift */ = {isa = PBXFileReference; lastKnownFileType = sourcecode.swift; path = "Encodable+ext.swift"; sourceTree = "<group>"; };
		73319D3E295F886800336E61 /* World.swift */ = {isa = PBXFileReference; lastKnownFileType = sourcecode.swift; path = World.swift; sourceTree = "<group>"; };
		73319D462960832300336E61 /* HeroView.swift */ = {isa = PBXFileReference; lastKnownFileType = sourcecode.swift; path = HeroView.swift; sourceTree = "<group>"; };
		73319D4929608C9A00336E61 /* Localizable.strings */ = {isa = PBXFileReference; lastKnownFileType = text.plist.strings; path = Localizable.strings; sourceTree = "<group>"; };
		73319D4D29608D2000336E61 /* Strings.generated.swift */ = {isa = PBXFileReference; fileEncoding = 4; lastKnownFileType = sourcecode.swift; path = Strings.generated.swift; sourceTree = "<group>"; };
		73319D572960970E00336E61 /* TestSupport.framework */ = {isa = PBXFileReference; explicitFileType = wrapper.framework; includeInIndex = 0; path = TestSupport.framework; sourceTree = BUILT_PRODUCTS_DIR; };
		73319D592960970E00336E61 /* TestSupport.h */ = {isa = PBXFileReference; lastKnownFileType = sourcecode.c.h; path = TestSupport.h; sourceTree = "<group>"; };
		73319D682960986000336E61 /* UIView+ext.swift */ = {isa = PBXFileReference; fileEncoding = 4; lastKnownFileType = sourcecode.swift; path = "UIView+ext.swift"; sourceTree = "<group>"; };
		73319D692960986000336E61 /* Date+ext.swift */ = {isa = PBXFileReference; fileEncoding = 4; lastKnownFileType = sourcecode.swift; path = "Date+ext.swift"; sourceTree = "<group>"; };
		739ECFC9295DDCD400B79A27 /* Core.framework */ = {isa = PBXFileReference; explicitFileType = wrapper.framework; includeInIndex = 0; path = Core.framework; sourceTree = BUILT_PRODUCTS_DIR; };
		739ECFCC295DDCD400B79A27 /* Core.h */ = {isa = PBXFileReference; lastKnownFileType = sourcecode.c.h; path = Core.h; sourceTree = "<group>"; };
		739ECFD1295DDCD400B79A27 /* CoreTests.xctest */ = {isa = PBXFileReference; explicitFileType = wrapper.cfbundle; includeInIndex = 0; path = CoreTests.xctest; sourceTree = BUILT_PRODUCTS_DIR; };
		739ECFD6295DDCD400B79A27 /* HeroViewTests.swift */ = {isa = PBXFileReference; lastKnownFileType = sourcecode.swift; path = HeroViewTests.swift; sourceTree = "<group>"; };
		739ED022295DE49000B79A27 /* Coordinator.swift */ = {isa = PBXFileReference; lastKnownFileType = sourcecode.swift; path = Coordinator.swift; sourceTree = "<group>"; };
		739ED21D295E091900B79A27 /* CascadeOperator.swift */ = {isa = PBXFileReference; lastKnownFileType = sourcecode.swift; path = CascadeOperator.swift; sourceTree = "<group>"; };
		739ED223295E099F00B79A27 /* Controller.swift */ = {isa = PBXFileReference; lastKnownFileType = sourcecode.swift; path = Controller.swift; sourceTree = "<group>"; };
		739ED229295E0CA500B79A27 /* ContainerView.swift */ = {isa = PBXFileReference; lastKnownFileType = sourcecode.swift; path = ContainerView.swift; sourceTree = "<group>"; };
		739ED236295E152200B79A27 /* Weakable.swift */ = {isa = PBXFileReference; lastKnownFileType = sourcecode.swift; path = Weakable.swift; sourceTree = "<group>"; };
		73F59BBE295E20860072985B /* NavigationController.swift */ = {isa = PBXFileReference; lastKnownFileType = sourcecode.swift; path = NavigationController.swift; sourceTree = "<group>"; };
		73F59DBC295E26560072985B /* UITableView+ext.swift */ = {isa = PBXFileReference; lastKnownFileType = sourcecode.swift; path = "UITableView+ext.swift"; sourceTree = "<group>"; };
		73F59DC2295E2E430072985B /* SpacingConstants.swift */ = {isa = PBXFileReference; lastKnownFileType = sourcecode.swift; path = SpacingConstants.swift; sourceTree = "<group>"; };
/* End PBXFileReference section */

/* Begin PBXFrameworksBuildPhase section */
		73319D542960970E00336E61 /* Frameworks */ = {
			isa = PBXFrameworksBuildPhase;
			buildActionMask = 2147483647;
			files = (
			);
			runOnlyForDeploymentPostprocessing = 0;
		};
		739ECFC6295DDCD400B79A27 /* Frameworks */ = {
			isa = PBXFrameworksBuildPhase;
			buildActionMask = 2147483647;
			files = (
				73319D5F2960971C00336E61 /* TestSupport.framework in Frameworks */,
				739ED232295E134C00B79A27 /* TinyConstraints in Frameworks */,
			);
			runOnlyForDeploymentPostprocessing = 0;
		};
		739ECFCE295DDCD400B79A27 /* Frameworks */ = {
			isa = PBXFrameworksBuildPhase;
			buildActionMask = 2147483647;
			files = (
				739ECFD2295DDCD400B79A27 /* Core.framework in Frameworks */,
				73319D512960965A00336E61 /* SnapshotTesting in Frameworks */,
			);
			runOnlyForDeploymentPostprocessing = 0;
		};
/* End PBXFrameworksBuildPhase section */

/* Begin PBXGroup section */
		73319D29295F5FAD00336E61 /* HttpService */ = {
			isa = PBXGroup;
			children = (
				73319D27295F5FA900336E61 /* HttpService.swift */,
				73319D2C295F645100336E61 /* Reachability.swift */,
				73319D2E295F64FE00336E61 /* NetworkError.swift */,
			);
			path = HttpService;
			sourceTree = "<group>";
		};
		73319D3D295F884F00336E61 /* World */ = {
			isa = PBXGroup;
			children = (
				73319D3E295F886800336E61 /* World.swift */,
			);
			path = World;
			sourceTree = "<group>";
		};
		73319D4829608C8D00336E61 /* Resources */ = {
			isa = PBXGroup;
			children = (
				73319D4B29608CD200336E61 /* Generated */,
				73319D4929608C9A00336E61 /* Localizable.strings */,
			);
			path = Resources;
			sourceTree = "<group>";
		};
		73319D4B29608CD200336E61 /* Generated */ = {
			isa = PBXGroup;
			children = (
				73319D4D29608D2000336E61 /* Strings.generated.swift */,
			);
			path = Generated;
			sourceTree = "<group>";
		};
		73319D582960970E00336E61 /* TestSupport */ = {
			isa = PBXGroup;
			children = (
				73319D692960986000336E61 /* Date+ext.swift */,
				73319D682960986000336E61 /* UIView+ext.swift */,
				73319D592960970E00336E61 /* TestSupport.h */,
			);
			path = TestSupport;
			sourceTree = "<group>";
		};
		73319D5E2960971C00336E61 /* Frameworks */ = {
			isa = PBXGroup;
			children = (
			);
			name = Frameworks;
			sourceTree = "<group>";
		};
		739ECFBF295DDCD400B79A27 = {
			isa = PBXGroup;
			children = (
				739ECFCB295DDCD400B79A27 /* Core */,
				739ECFD5295DDCD400B79A27 /* CoreTests */,
				73319D582960970E00336E61 /* TestSupport */,
				739ECFCA295DDCD400B79A27 /* Products */,
				73319D5E2960971C00336E61 /* Frameworks */,
			);
			sourceTree = "<group>";
		};
		739ECFCA295DDCD400B79A27 /* Products */ = {
			isa = PBXGroup;
			children = (
				739ECFC9295DDCD400B79A27 /* Core.framework */,
				739ECFD1295DDCD400B79A27 /* CoreTests.xctest */,
				73319D572960970E00336E61 /* TestSupport.framework */,
			);
			name = Products;
			sourceTree = "<group>";
		};
		739ECFCB295DDCD400B79A27 /* Core */ = {
			isa = PBXGroup;
			children = (
				73319D4829608C8D00336E61 /* Resources */,
				73319D3D295F884F00336E61 /* World */,
				73319D29295F5FAD00336E61 /* HttpService */,
				73F59DC1295E2E360072985B /* Styles */,
				73F59DBB295E264B0072985B /* Extensions */,
				739ED238295E202100B79A27 /* UI */,
				739ED222295E098000B79A27 /* CustomTypes */,
				739ED021295DE48100B79A27 /* Coordinator */,
				739ECFCC295DDCD400B79A27 /* Core.h */,
			);
			path = Core;
			sourceTree = "<group>";
		};
		739ECFD5295DDCD400B79A27 /* CoreTests */ = {
			isa = PBXGroup;
			children = (
				739ECFD6295DDCD400B79A27 /* HeroViewTests.swift */,
			);
			path = CoreTests;
			sourceTree = "<group>";
		};
		739ED021295DE48100B79A27 /* Coordinator */ = {
			isa = PBXGroup;
			children = (
				739ED022295DE49000B79A27 /* Coordinator.swift */,
			);
			path = Coordinator;
			sourceTree = "<group>";
		};
		739ED222295E098000B79A27 /* CustomTypes */ = {
			isa = PBXGroup;
			children = (
				739ED21D295E091900B79A27 /* CascadeOperator.swift */,
				739ED223295E099F00B79A27 /* Controller.swift */,
				739ED229295E0CA500B79A27 /* ContainerView.swift */,
				739ED236295E152200B79A27 /* Weakable.swift */,
				733196E9295E2FB700336E61 /* StackBuilder.swift */,
			);
			path = CustomTypes;
			sourceTree = "<group>";
		};
		739ED238295E202100B79A27 /* UI */ = {
			isa = PBXGroup;
			children = (
				73F59BBE295E20860072985B /* NavigationController.swift */,
				73319D462960832300336E61 /* HeroView.swift */,
			);
			path = UI;
			sourceTree = "<group>";
		};
		73F59DBB295E264B0072985B /* Extensions */ = {
			isa = PBXGroup;
			children = (
				73F59DBC295E26560072985B /* UITableView+ext.swift */,
				73319D30295F661D00336E61 /* Data+Ext.swift */,
				73319D32295F668900336E61 /* DateFormatter+Ext.swift */,
				73319D34295F6A7500336E61 /* Encodable+ext.swift */,
			);
			path = Extensions;
			sourceTree = "<group>";
		};
		73F59DC1295E2E360072985B /* Styles */ = {
			isa = PBXGroup;
			children = (
				73F59DC2295E2E430072985B /* SpacingConstants.swift */,
			);
			path = Styles;
			sourceTree = "<group>";
		};
/* End PBXGroup section */

/* Begin PBXHeadersBuildPhase section */
		73319D522960970E00336E61 /* Headers */ = {
			isa = PBXHeadersBuildPhase;
			buildActionMask = 2147483647;
			files = (
				73319D5A2960970E00336E61 /* TestSupport.h in Headers */,
			);
			runOnlyForDeploymentPostprocessing = 0;
		};
		739ECFC4295DDCD400B79A27 /* Headers */ = {
			isa = PBXHeadersBuildPhase;
			buildActionMask = 2147483647;
			files = (
				739ECFD8295DDCD400B79A27 /* Core.h in Headers */,
			);
			runOnlyForDeploymentPostprocessing = 0;
		};
/* End PBXHeadersBuildPhase section */

/* Begin PBXNativeTarget section */
		73319D562960970E00336E61 /* TestSupport */ = {
			isa = PBXNativeTarget;
			buildConfigurationList = 73319D5B2960970E00336E61 /* Build configuration list for PBXNativeTarget "TestSupport" */;
			buildPhases = (
				73319D522960970E00336E61 /* Headers */,
				73319D532960970E00336E61 /* Sources */,
				73319D542960970E00336E61 /* Frameworks */,
				73319D552960970E00336E61 /* Resources */,
			);
			buildRules = (
			);
			dependencies = (
			);
			name = TestSupport;
			productName = TestSupport;
			productReference = 73319D572960970E00336E61 /* TestSupport.framework */;
			productType = "com.apple.product-type.framework";
		};
		739ECFC8295DDCD400B79A27 /* Core */ = {
			isa = PBXNativeTarget;
			buildConfigurationList = 739ECFDB295DDCD400B79A27 /* Build configuration list for PBXNativeTarget "Core" */;
			buildPhases = (
				73319D4C29608CE700336E61 /* SwiftGen */,
				739ECFC4295DDCD400B79A27 /* Headers */,
				739ECFC5295DDCD400B79A27 /* Sources */,
				739ECFC6295DDCD400B79A27 /* Frameworks */,
				739ECFC7295DDCD400B79A27 /* Resources */,
				739ED01E295DE01C00B79A27 /* Swiftlint */,
				73319D632960971C00336E61 /* Embed Frameworks */,
			);
			buildRules = (
			);
			dependencies = (
				73319D622960971C00336E61 /* PBXTargetDependency */,
			);
			name = Core;
			packageProductDependencies = (
				739ED231295E134C00B79A27 /* TinyConstraints */,
			);
			productName = Core;
			productReference = 739ECFC9295DDCD400B79A27 /* Core.framework */;
			productType = "com.apple.product-type.framework";
		};
		739ECFD0295DDCD400B79A27 /* CoreTests */ = {
			isa = PBXNativeTarget;
			buildConfigurationList = 739ECFDE295DDCD400B79A27 /* Build configuration list for PBXNativeTarget "CoreTests" */;
			buildPhases = (
				739ECFCD295DDCD400B79A27 /* Sources */,
				739ECFCE295DDCD400B79A27 /* Frameworks */,
				739ECFCF295DDCD400B79A27 /* Resources */,
			);
			buildRules = (
			);
			dependencies = (
				739ECFD4295DDCD400B79A27 /* PBXTargetDependency */,
			);
			name = CoreTests;
			packageProductDependencies = (
				73319D502960965A00336E61 /* SnapshotTesting */,
			);
			productName = CoreTests;
			productReference = 739ECFD1295DDCD400B79A27 /* CoreTests.xctest */;
			productType = "com.apple.product-type.bundle.unit-test";
		};
/* End PBXNativeTarget section */

/* Begin PBXProject section */
		739ECFC0295DDCD400B79A27 /* Project object */ = {
			isa = PBXProject;
			attributes = {
				BuildIndependentTargetsInParallel = 1;
				LastSwiftUpdateCheck = 1400;
				LastUpgradeCheck = 1400;
				TargetAttributes = {
					73319D562960970E00336E61 = {
						CreatedOnToolsVersion = 14.0;
						LastSwiftMigration = 1400;
					};
					739ECFC8295DDCD400B79A27 = {
						CreatedOnToolsVersion = 14.0;
						LastSwiftMigration = 1400;
					};
					739ECFD0295DDCD400B79A27 = {
						CreatedOnToolsVersion = 14.0;
					};
				};
			};
			buildConfigurationList = 739ECFC3295DDCD400B79A27 /* Build configuration list for PBXProject "Core" */;
			compatibilityVersion = "Xcode 14.0";
			developmentRegion = en;
			hasScannedForEncodings = 0;
			knownRegions = (
				en,
				Base,
			);
			mainGroup = 739ECFBF295DDCD400B79A27;
			packageReferences = (
				739ED230295E134C00B79A27 /* XCRemoteSwiftPackageReference "TinyConstraints" */,
				73319D4F2960965A00336E61 /* XCRemoteSwiftPackageReference "swift-snapshot-testing" */,
			);
			productRefGroup = 739ECFCA295DDCD400B79A27 /* Products */;
			projectDirPath = "";
			projectRoot = "";
			targets = (
				739ECFC8295DDCD400B79A27 /* Core */,
				739ECFD0295DDCD400B79A27 /* CoreTests */,
				73319D562960970E00336E61 /* TestSupport */,
			);
		};
/* End PBXProject section */

/* Begin PBXResourcesBuildPhase section */
		73319D552960970E00336E61 /* Resources */ = {
			isa = PBXResourcesBuildPhase;
			buildActionMask = 2147483647;
			files = (
			);
			runOnlyForDeploymentPostprocessing = 0;
		};
		739ECFC7295DDCD400B79A27 /* Resources */ = {
			isa = PBXResourcesBuildPhase;
			buildActionMask = 2147483647;
			files = (
				73319D4A29608C9A00336E61 /* Localizable.strings in Resources */,
			);
			runOnlyForDeploymentPostprocessing = 0;
		};
		739ECFCF295DDCD400B79A27 /* Resources */ = {
			isa = PBXResourcesBuildPhase;
			buildActionMask = 2147483647;
			files = (
			);
			runOnlyForDeploymentPostprocessing = 0;
		};
/* End PBXResourcesBuildPhase section */

/* Begin PBXShellScriptBuildPhase section */
		73319D4C29608CE700336E61 /* SwiftGen */ = {
			isa = PBXShellScriptBuildPhase;
			alwaysOutOfDate = 1;
			buildActionMask = 2147483647;
			files = (
			);
			inputFileListPaths = (
			);
			inputPaths = (
			);
			name = SwiftGen;
			outputFileListPaths = (
			);
			outputPaths = (
			);
			runOnlyForDeploymentPostprocessing = 0;
			shellPath = /bin/sh;
			shellScript = "`readlink $HOME/.mint/bin/swiftgen`\n";
		};
		739ED01E295DE01C00B79A27 /* Swiftlint */ = {
			isa = PBXShellScriptBuildPhase;
			alwaysOutOfDate = 1;
			buildActionMask = 2147483647;
			files = (
			);
			inputFileListPaths = (
			);
			inputPaths = (
			);
			name = Swiftlint;
			outputFileListPaths = (
			);
			outputPaths = (
			);
			runOnlyForDeploymentPostprocessing = 0;
			shellPath = /bin/sh;
			shellScript = "$HOME/.mint/bin/swiftlint\n";
		};
/* End PBXShellScriptBuildPhase section */

/* Begin PBXSourcesBuildPhase section */
		73319D532960970E00336E61 /* Sources */ = {
			isa = PBXSourcesBuildPhase;
			buildActionMask = 2147483647;
			files = (
				73319D6A2960986100336E61 /* UIView+ext.swift in Sources */,
				73319D6B2960986100336E61 /* Date+ext.swift in Sources */,
			);
			runOnlyForDeploymentPostprocessing = 0;
		};
		739ECFC5295DDCD400B79A27 /* Sources */ = {
			isa = PBXSourcesBuildPhase;
			buildActionMask = 2147483647;
			files = (
				733196EA295E2FB700336E61 /* StackBuilder.swift in Sources */,
				739ED22A295E0CA500B79A27 /* ContainerView.swift in Sources */,
				73F59BBF295E20860072985B /* NavigationController.swift in Sources */,
				739ED237295E152200B79A27 /* Weakable.swift in Sources */,
				73F59DC3295E2E430072985B /* SpacingConstants.swift in Sources */,
				739ED21E295E091900B79A27 /* CascadeOperator.swift in Sources */,
				73319D472960832300336E61 /* HeroView.swift in Sources */,
				73F59DBD295E26560072985B /* UITableView+ext.swift in Sources */,
				73319D2D295F645100336E61 /* Reachability.swift in Sources */,
				73319D35295F6A7500336E61 /* Encodable+ext.swift in Sources */,
				739ED023295DE49000B79A27 /* Coordinator.swift in Sources */,
				73319D31295F661D00336E61 /* Data+Ext.swift in Sources */,
				73319D33295F668900336E61 /* DateFormatter+Ext.swift in Sources */,
				73319D2F295F64FE00336E61 /* NetworkError.swift in Sources */,
				739ED224295E099F00B79A27 /* Controller.swift in Sources */,
				73319D4E29608D2000336E61 /* Strings.generated.swift in Sources */,
				73319D3F295F886800336E61 /* World.swift in Sources */,
				73319D28295F5FA900336E61 /* HttpService.swift in Sources */,
			);
			runOnlyForDeploymentPostprocessing = 0;
		};
		739ECFCD295DDCD400B79A27 /* Sources */ = {
			isa = PBXSourcesBuildPhase;
			buildActionMask = 2147483647;
			files = (
				739ECFD7295DDCD400B79A27 /* HeroViewTests.swift in Sources */,
			);
			runOnlyForDeploymentPostprocessing = 0;
		};
/* End PBXSourcesBuildPhase section */

/* Begin PBXTargetDependency section */
		73319D622960971C00336E61 /* PBXTargetDependency */ = {
			isa = PBXTargetDependency;
			target = 73319D562960970E00336E61 /* TestSupport */;
			targetProxy = 73319D612960971C00336E61 /* PBXContainerItemProxy */;
		};
		739ECFD4295DDCD400B79A27 /* PBXTargetDependency */ = {
			isa = PBXTargetDependency;
			target = 739ECFC8295DDCD400B79A27 /* Core */;
			targetProxy = 739ECFD3295DDCD400B79A27 /* PBXContainerItemProxy */;
		};
/* End PBXTargetDependency section */

/* Begin XCBuildConfiguration section */
		73319D5C2960970E00336E61 /* Debug */ = {
			isa = XCBuildConfiguration;
			buildSettings = {
				CLANG_ENABLE_MODULES = YES;
				CODE_SIGN_STYLE = Automatic;
				CURRENT_PROJECT_VERSION = 1;
				DEFINES_MODULE = YES;
				DEVELOPMENT_TEAM = AD62P27W7L;
				DYLIB_COMPATIBILITY_VERSION = 1;
				DYLIB_CURRENT_VERSION = 1;
				DYLIB_INSTALL_NAME_BASE = "@rpath";
				GENERATE_INFOPLIST_FILE = YES;
				INFOPLIST_KEY_NSHumanReadableCopyright = "";
				INSTALL_PATH = "$(LOCAL_LIBRARY_DIR)/Frameworks";
				LD_RUNPATH_SEARCH_PATHS = (
					"$(inherited)",
					"@executable_path/Frameworks",
					"@loader_path/Frameworks",
				);
				MARKETING_VERSION = 1.0;
				PRODUCT_BUNDLE_IDENTIFIER = br.com.antonyalkmim.brasilianleague.TestSupport;
				PRODUCT_NAME = "$(TARGET_NAME:c99extidentifier)";
				SKIP_INSTALL = YES;
				SWIFT_EMIT_LOC_STRINGS = YES;
				SWIFT_OPTIMIZATION_LEVEL = "-Onone";
				SWIFT_VERSION = 5.0;
				TARGETED_DEVICE_FAMILY = "1,2";
			};
			name = Debug;
		};
		73319D5D2960970E00336E61 /* Release */ = {
			isa = XCBuildConfiguration;
			buildSettings = {
				CLANG_ENABLE_MODULES = YES;
				CODE_SIGN_STYLE = Automatic;
				CURRENT_PROJECT_VERSION = 1;
				DEFINES_MODULE = YES;
				DEVELOPMENT_TEAM = AD62P27W7L;
				DYLIB_COMPATIBILITY_VERSION = 1;
				DYLIB_CURRENT_VERSION = 1;
				DYLIB_INSTALL_NAME_BASE = "@rpath";
				GENERATE_INFOPLIST_FILE = YES;
				INFOPLIST_KEY_NSHumanReadableCopyright = "";
				INSTALL_PATH = "$(LOCAL_LIBRARY_DIR)/Frameworks";
				LD_RUNPATH_SEARCH_PATHS = (
					"$(inherited)",
					"@executable_path/Frameworks",
					"@loader_path/Frameworks",
				);
				MARKETING_VERSION = 1.0;
				PRODUCT_BUNDLE_IDENTIFIER = br.com.antonyalkmim.brasilianleague.TestSupport;
				PRODUCT_NAME = "$(TARGET_NAME:c99extidentifier)";
				SKIP_INSTALL = YES;
				SWIFT_EMIT_LOC_STRINGS = YES;
				SWIFT_VERSION = 5.0;
				TARGETED_DEVICE_FAMILY = "1,2";
			};
			name = Release;
		};
		739ECFD9295DDCD400B79A27 /* Debug */ = {
			isa = XCBuildConfiguration;
			buildSettings = {
				ALWAYS_SEARCH_USER_PATHS = NO;
				CLANG_ANALYZER_NONNULL = YES;
				CLANG_ANALYZER_NUMBER_OBJECT_CONVERSION = YES_AGGRESSIVE;
				CLANG_CXX_LANGUAGE_STANDARD = "gnu++20";
				CLANG_ENABLE_MODULES = YES;
				CLANG_ENABLE_OBJC_ARC = YES;
				CLANG_ENABLE_OBJC_WEAK = YES;
				CLANG_WARN_BLOCK_CAPTURE_AUTORELEASING = YES;
				CLANG_WARN_BOOL_CONVERSION = YES;
				CLANG_WARN_COMMA = YES;
				CLANG_WARN_CONSTANT_CONVERSION = YES;
				CLANG_WARN_DEPRECATED_OBJC_IMPLEMENTATIONS = YES;
				CLANG_WARN_DIRECT_OBJC_ISA_USAGE = YES_ERROR;
				CLANG_WARN_DOCUMENTATION_COMMENTS = YES;
				CLANG_WARN_EMPTY_BODY = YES;
				CLANG_WARN_ENUM_CONVERSION = YES;
				CLANG_WARN_INFINITE_RECURSION = YES;
				CLANG_WARN_INT_CONVERSION = YES;
				CLANG_WARN_NON_LITERAL_NULL_CONVERSION = YES;
				CLANG_WARN_OBJC_IMPLICIT_RETAIN_SELF = YES;
				CLANG_WARN_OBJC_LITERAL_CONVERSION = YES;
				CLANG_WARN_OBJC_ROOT_CLASS = YES_ERROR;
				CLANG_WARN_QUOTED_INCLUDE_IN_FRAMEWORK_HEADER = YES;
				CLANG_WARN_RANGE_LOOP_ANALYSIS = YES;
				CLANG_WARN_STRICT_PROTOTYPES = YES;
				CLANG_WARN_SUSPICIOUS_MOVE = YES;
				CLANG_WARN_UNGUARDED_AVAILABILITY = YES_AGGRESSIVE;
				CLANG_WARN_UNREACHABLE_CODE = YES;
				CLANG_WARN__DUPLICATE_METHOD_MATCH = YES;
				COPY_PHASE_STRIP = NO;
				CURRENT_PROJECT_VERSION = 1;
				DEBUG_INFORMATION_FORMAT = dwarf;
				ENABLE_STRICT_OBJC_MSGSEND = YES;
				ENABLE_TESTABILITY = YES;
				GCC_C_LANGUAGE_STANDARD = gnu11;
				GCC_DYNAMIC_NO_PIC = NO;
				GCC_NO_COMMON_BLOCKS = YES;
				GCC_OPTIMIZATION_LEVEL = 0;
				GCC_PREPROCESSOR_DEFINITIONS = (
					"DEBUG=1",
					"$(inherited)",
				);
				GCC_WARN_64_TO_32_BIT_CONVERSION = YES;
				GCC_WARN_ABOUT_RETURN_TYPE = YES_ERROR;
				GCC_WARN_UNDECLARED_SELECTOR = YES;
				GCC_WARN_UNINITIALIZED_AUTOS = YES_AGGRESSIVE;
				GCC_WARN_UNUSED_FUNCTION = YES;
				GCC_WARN_UNUSED_VARIABLE = YES;
				IPHONEOS_DEPLOYMENT_TARGET = 16.0;
				MTL_ENABLE_DEBUG_INFO = INCLUDE_SOURCE;
				MTL_FAST_MATH = YES;
				ONLY_ACTIVE_ARCH = YES;
				SDKROOT = iphoneos;
				SWIFT_ACTIVE_COMPILATION_CONDITIONS = DEBUG;
				SWIFT_OPTIMIZATION_LEVEL = "-Onone";
				VERSIONING_SYSTEM = "apple-generic";
				VERSION_INFO_PREFIX = "";
			};
			name = Debug;
		};
		739ECFDA295DDCD400B79A27 /* Release */ = {
			isa = XCBuildConfiguration;
			buildSettings = {
				ALWAYS_SEARCH_USER_PATHS = NO;
				CLANG_ANALYZER_NONNULL = YES;
				CLANG_ANALYZER_NUMBER_OBJECT_CONVERSION = YES_AGGRESSIVE;
				CLANG_CXX_LANGUAGE_STANDARD = "gnu++20";
				CLANG_ENABLE_MODULES = YES;
				CLANG_ENABLE_OBJC_ARC = YES;
				CLANG_ENABLE_OBJC_WEAK = YES;
				CLANG_WARN_BLOCK_CAPTURE_AUTORELEASING = YES;
				CLANG_WARN_BOOL_CONVERSION = YES;
				CLANG_WARN_COMMA = YES;
				CLANG_WARN_CONSTANT_CONVERSION = YES;
				CLANG_WARN_DEPRECATED_OBJC_IMPLEMENTATIONS = YES;
				CLANG_WARN_DIRECT_OBJC_ISA_USAGE = YES_ERROR;
				CLANG_WARN_DOCUMENTATION_COMMENTS = YES;
				CLANG_WARN_EMPTY_BODY = YES;
				CLANG_WARN_ENUM_CONVERSION = YES;
				CLANG_WARN_INFINITE_RECURSION = YES;
				CLANG_WARN_INT_CONVERSION = YES;
				CLANG_WARN_NON_LITERAL_NULL_CONVERSION = YES;
				CLANG_WARN_OBJC_IMPLICIT_RETAIN_SELF = YES;
				CLANG_WARN_OBJC_LITERAL_CONVERSION = YES;
				CLANG_WARN_OBJC_ROOT_CLASS = YES_ERROR;
				CLANG_WARN_QUOTED_INCLUDE_IN_FRAMEWORK_HEADER = YES;
				CLANG_WARN_RANGE_LOOP_ANALYSIS = YES;
				CLANG_WARN_STRICT_PROTOTYPES = YES;
				CLANG_WARN_SUSPICIOUS_MOVE = YES;
				CLANG_WARN_UNGUARDED_AVAILABILITY = YES_AGGRESSIVE;
				CLANG_WARN_UNREACHABLE_CODE = YES;
				CLANG_WARN__DUPLICATE_METHOD_MATCH = YES;
				COPY_PHASE_STRIP = NO;
				CURRENT_PROJECT_VERSION = 1;
				DEBUG_INFORMATION_FORMAT = "dwarf-with-dsym";
				ENABLE_NS_ASSERTIONS = NO;
				ENABLE_STRICT_OBJC_MSGSEND = YES;
				GCC_C_LANGUAGE_STANDARD = gnu11;
				GCC_NO_COMMON_BLOCKS = YES;
				GCC_WARN_64_TO_32_BIT_CONVERSION = YES;
				GCC_WARN_ABOUT_RETURN_TYPE = YES_ERROR;
				GCC_WARN_UNDECLARED_SELECTOR = YES;
				GCC_WARN_UNINITIALIZED_AUTOS = YES_AGGRESSIVE;
				GCC_WARN_UNUSED_FUNCTION = YES;
				GCC_WARN_UNUSED_VARIABLE = YES;
				IPHONEOS_DEPLOYMENT_TARGET = 16.0;
				MTL_ENABLE_DEBUG_INFO = NO;
				MTL_FAST_MATH = YES;
				SDKROOT = iphoneos;
				SWIFT_COMPILATION_MODE = wholemodule;
				SWIFT_OPTIMIZATION_LEVEL = "-O";
				VALIDATE_PRODUCT = YES;
				VERSIONING_SYSTEM = "apple-generic";
				VERSION_INFO_PREFIX = "";
			};
			name = Release;
		};
		739ECFDC295DDCD400B79A27 /* Debug */ = {
			isa = XCBuildConfiguration;
			buildSettings = {
				CLANG_ENABLE_MODULES = YES;
				CODE_SIGN_STYLE = Automatic;
				CURRENT_PROJECT_VERSION = 1;
				DEFINES_MODULE = YES;
				DEVELOPMENT_TEAM = AD62P27W7L;
				DYLIB_COMPATIBILITY_VERSION = 1;
				DYLIB_CURRENT_VERSION = 1;
				DYLIB_INSTALL_NAME_BASE = "@rpath";
				GENERATE_INFOPLIST_FILE = YES;
				INFOPLIST_KEY_NSHumanReadableCopyright = "";
				INSTALL_PATH = "$(LOCAL_LIBRARY_DIR)/Frameworks";
				LD_RUNPATH_SEARCH_PATHS = (
					"$(inherited)",
					"@executable_path/Frameworks",
					"@loader_path/Frameworks",
				);
				MARKETING_VERSION = 1.0;
				PRODUCT_BUNDLE_IDENTIFIER = br.com.antonyalkmim.brasilianleague.Core;
				PRODUCT_NAME = "$(TARGET_NAME:c99extidentifier)";
				SKIP_INSTALL = YES;
				SWIFT_EMIT_LOC_STRINGS = YES;
				SWIFT_OPTIMIZATION_LEVEL = "-Onone";
				SWIFT_VERSION = 5.0;
				TARGETED_DEVICE_FAMILY = "1,2";
			};
			name = Debug;
		};
		739ECFDD295DDCD400B79A27 /* Release */ = {
			isa = XCBuildConfiguration;
			buildSettings = {
				CLANG_ENABLE_MODULES = YES;
				CODE_SIGN_STYLE = Automatic;
				CURRENT_PROJECT_VERSION = 1;
				DEFINES_MODULE = YES;
				DEVELOPMENT_TEAM = AD62P27W7L;
				DYLIB_COMPATIBILITY_VERSION = 1;
				DYLIB_CURRENT_VERSION = 1;
				DYLIB_INSTALL_NAME_BASE = "@rpath";
				GENERATE_INFOPLIST_FILE = YES;
				INFOPLIST_KEY_NSHumanReadableCopyright = "";
				INSTALL_PATH = "$(LOCAL_LIBRARY_DIR)/Frameworks";
				LD_RUNPATH_SEARCH_PATHS = (
					"$(inherited)",
					"@executable_path/Frameworks",
					"@loader_path/Frameworks",
				);
				MARKETING_VERSION = 1.0;
				PRODUCT_BUNDLE_IDENTIFIER = br.com.antonyalkmim.brasilianleague.Core;
				PRODUCT_NAME = "$(TARGET_NAME:c99extidentifier)";
				SKIP_INSTALL = YES;
				SWIFT_EMIT_LOC_STRINGS = YES;
				SWIFT_VERSION = 5.0;
				TARGETED_DEVICE_FAMILY = "1,2";
			};
			name = Release;
		};
		739ECFDF295DDCD400B79A27 /* Debug */ = {
			isa = XCBuildConfiguration;
			buildSettings = {
				ALWAYS_EMBED_SWIFT_STANDARD_LIBRARIES = YES;
				CODE_SIGN_STYLE = Automatic;
				CURRENT_PROJECT_VERSION = 1;
				DEVELOPMENT_TEAM = AD62P27W7L;
				GENERATE_INFOPLIST_FILE = YES;
				MARKETING_VERSION = 1.0;
				PRODUCT_BUNDLE_IDENTIFIER = br.com.antonyalkmim.brasilianleague.CoreTests;
				PRODUCT_NAME = "$(TARGET_NAME)";
				SWIFT_EMIT_LOC_STRINGS = NO;
				SWIFT_VERSION = 5.0;
				TARGETED_DEVICE_FAMILY = "1,2";
			};
			name = Debug;
		};
		739ECFE0295DDCD400B79A27 /* Release */ = {
			isa = XCBuildConfiguration;
			buildSettings = {
				ALWAYS_EMBED_SWIFT_STANDARD_LIBRARIES = YES;
				CODE_SIGN_STYLE = Automatic;
				CURRENT_PROJECT_VERSION = 1;
				DEVELOPMENT_TEAM = AD62P27W7L;
				GENERATE_INFOPLIST_FILE = YES;
				MARKETING_VERSION = 1.0;
				PRODUCT_BUNDLE_IDENTIFIER = br.com.antonyalkmim.brasilianleague.CoreTests;
				PRODUCT_NAME = "$(TARGET_NAME)";
				SWIFT_EMIT_LOC_STRINGS = NO;
				SWIFT_VERSION = 5.0;
				TARGETED_DEVICE_FAMILY = "1,2";
			};
			name = Release;
		};
/* End XCBuildConfiguration section */

/* Begin XCConfigurationList section */
		73319D5B2960970E00336E61 /* Build configuration list for PBXNativeTarget "TestSupport" */ = {
			isa = XCConfigurationList;
			buildConfigurations = (
				73319D5C2960970E00336E61 /* Debug */,
				73319D5D2960970E00336E61 /* Release */,
			);
			defaultConfigurationIsVisible = 0;
			defaultConfigurationName = Release;
		};
		739ECFC3295DDCD400B79A27 /* Build configuration list for PBXProject "Core" */ = {
			isa = XCConfigurationList;
			buildConfigurations = (
				739ECFD9295DDCD400B79A27 /* Debug */,
				739ECFDA295DDCD400B79A27 /* Release */,
			);
			defaultConfigurationIsVisible = 0;
			defaultConfigurationName = Release;
		};
		739ECFDB295DDCD400B79A27 /* Build configuration list for PBXNativeTarget "Core" */ = {
			isa = XCConfigurationList;
			buildConfigurations = (
				739ECFDC295DDCD400B79A27 /* Debug */,
				739ECFDD295DDCD400B79A27 /* Release */,
			);
			defaultConfigurationIsVisible = 0;
			defaultConfigurationName = Release;
		};
		739ECFDE295DDCD400B79A27 /* Build configuration list for PBXNativeTarget "CoreTests" */ = {
			isa = XCConfigurationList;
			buildConfigurations = (
				739ECFDF295DDCD400B79A27 /* Debug */,
				739ECFE0295DDCD400B79A27 /* Release */,
			);
			defaultConfigurationIsVisible = 0;
			defaultConfigurationName = Release;
		};
/* End XCConfigurationList section */

/* Begin XCRemoteSwiftPackageReference section */
		73319D4F2960965A00336E61 /* XCRemoteSwiftPackageReference "swift-snapshot-testing" */ = {
			isa = XCRemoteSwiftPackageReference;
			repositoryURL = "https://github.com/pointfreeco/swift-snapshot-testing";
			requirement = {
				branch = main;
				kind = branch;
			};
		};
		739ED230295E134C00B79A27 /* XCRemoteSwiftPackageReference "TinyConstraints" */ = {
			isa = XCRemoteSwiftPackageReference;
			repositoryURL = "https://github.com/roberthein/TinyConstraints.git";
			requirement = {
				kind = upToNextMajorVersion;
				minimumVersion = 4.0.0;
			};
		};
/* End XCRemoteSwiftPackageReference section */

/* Begin XCSwiftPackageProductDependency section */
		73319D502960965A00336E61 /* SnapshotTesting */ = {
			isa = XCSwiftPackageProductDependency;
			package = 73319D4F2960965A00336E61 /* XCRemoteSwiftPackageReference "swift-snapshot-testing" */;
			productName = SnapshotTesting;
		};
		739ED231295E134C00B79A27 /* TinyConstraints */ = {
			isa = XCSwiftPackageProductDependency;
			package = 739ED230295E134C00B79A27 /* XCRemoteSwiftPackageReference "TinyConstraints" */;
			productName = TinyConstraints;
		};
/* End XCSwiftPackageProductDependency section */
	};
	rootObject = 739ECFC0295DDCD400B79A27 /* Project object */;
}
