// !$*UTF8*$!
{
	archiveVersion = 1;
	classes = {
	};
	objectVersion = 56;
	objects = {

/* Begin PBXBuildFile section */
		73319AD8295E42D500336E61 /* Nuke in Frameworks */ = {isa = PBXBuildFile; productRef = 73319AD7295E42D500336E61 /* Nuke */; };
		73319D41295F88E500336E61 /* AppDelegate+World.swift in Sources */ = {isa = PBXBuildFile; fileRef = 73319D40295F88E500336E61 /* AppDelegate+World.swift */; };
		73597120296368C200DC746B /* XCUIElement+Helpers.swift in Sources */ = {isa = PBXBuildFile; fileRef = 7359711F296368C200DC746B /* XCUIElement+Helpers.swift */; };
		735971222963691300DC746B /* LaunchArguments.swift in Sources */ = {isa = PBXBuildFile; fileRef = 735971212963691300DC746B /* LaunchArguments.swift */; };
		735971262963696C00DC746B /* GameListScreen.swift in Sources */ = {isa = PBXBuildFile; fileRef = 735971252963696C00DC746B /* GameListScreen.swift */; };
		7359712829636BE500DC746B /* GameTests.swift in Sources */ = {isa = PBXBuildFile; fileRef = 7359712729636BE500DC746B /* GameTests.swift */; };
		7359712A29636D1200DC746B /* XCUIApplication+Ext.swift in Sources */ = {isa = PBXBuildFile; fileRef = 7359712929636D1200DC746B /* XCUIApplication+Ext.swift */; };
		7359712C29636D9800DC746B /* AppDelegate+LaunchArguments.swift in Sources */ = {isa = PBXBuildFile; fileRef = 7359712B29636D9800DC746B /* AppDelegate+LaunchArguments.swift */; };
		73597334296379F500DC746B /* getGames.json in Resources */ = {isa = PBXBuildFile; fileRef = 73597333296379F500DC746B /* getGames.json */; };
		7359733629637BF400DC746B /* getGameDetails.json in Resources */ = {isa = PBXBuildFile; fileRef = 7359733529637BF400DC746B /* getGameDetails.json */; };
		735973382963825C00DC746B /* GameDetailsScreen.swift in Sources */ = {isa = PBXBuildFile; fileRef = 735973372963825C00DC746B /* GameDetailsScreen.swift */; };
		7359733A2963831A00DC746B /* GameSummaryElement.swift in Sources */ = {isa = PBXBuildFile; fileRef = 735973392963831A00DC746B /* GameSummaryElement.swift */; };
		739ECF6E295DDC5000B79A27 /* AppDelegate.swift in Sources */ = {isa = PBXBuildFile; fileRef = 739ECF6D295DDC5000B79A27 /* AppDelegate.swift */; };
		739ECF70295DDC5000B79A27 /* SceneDelegate.swift in Sources */ = {isa = PBXBuildFile; fileRef = 739ECF6F295DDC5000B79A27 /* SceneDelegate.swift */; };
		739ECF77295DDC5200B79A27 /* Assets.xcassets in Resources */ = {isa = PBXBuildFile; fileRef = 739ECF76295DDC5200B79A27 /* Assets.xcassets */; };
		739ECF7A295DDC5200B79A27 /* LaunchScreen.storyboard in Resources */ = {isa = PBXBuildFile; fileRef = 739ECF78295DDC5200B79A27 /* LaunchScreen.storyboard */; };
		739ECF85295DDC5200B79A27 /* BrasilianLeagueTests.swift in Sources */ = {isa = PBXBuildFile; fileRef = 739ECF84295DDC5200B79A27 /* BrasilianLeagueTests.swift */; };
		739ECFEE295DDD3D00B79A27 /* Core.framework in Frameworks */ = {isa = PBXBuildFile; fileRef = 739ECFED295DDD3D00B79A27 /* Core.framework */; };
		739ECFEF295DDD3D00B79A27 /* Core.framework in Embed Frameworks */ = {isa = PBXBuildFile; fileRef = 739ECFED295DDD3D00B79A27 /* Core.framework */; settings = {ATTRIBUTES = (CodeSignOnCopy, RemoveHeadersOnCopy, ); }; };
		739ED014295DDDCE00B79A27 /* FeatureGames.framework in Frameworks */ = {isa = PBXBuildFile; fileRef = 739ED013295DDDCE00B79A27 /* FeatureGames.framework */; };
		739ED015295DDDCE00B79A27 /* FeatureGames.framework in Embed Frameworks */ = {isa = PBXBuildFile; fileRef = 739ED013295DDDCE00B79A27 /* FeatureGames.framework */; settings = {ATTRIBUTES = (CodeSignOnCopy, RemoveHeadersOnCopy, ); }; };
		739ED22F295E128200B79A27 /* TinyConstraints in Frameworks */ = {isa = PBXBuildFile; productRef = 739ED22E295E128200B79A27 /* TinyConstraints */; };
/* End PBXBuildFile section */

/* Begin PBXContainerItemProxy section */
		739ECF81295DDC5200B79A27 /* PBXContainerItemProxy */ = {
			isa = PBXContainerItemProxy;
			containerPortal = 739ECF62295DDC5000B79A27 /* Project object */;
			proxyType = 1;
			remoteGlobalIDString = 739ECF69295DDC5000B79A27;
			remoteInfo = BrasilianLeague;
		};
		739ECF8B295DDC5200B79A27 /* PBXContainerItemProxy */ = {
			isa = PBXContainerItemProxy;
			containerPortal = 739ECF62295DDC5000B79A27 /* Project object */;
			proxyType = 1;
			remoteGlobalIDString = 739ECF69295DDC5000B79A27;
			remoteInfo = BrasilianLeague;
		};
/* End PBXContainerItemProxy section */

/* Begin PBXCopyFilesBuildPhase section */
		739ECFF0295DDD3D00B79A27 /* Embed Frameworks */ = {
			isa = PBXCopyFilesBuildPhase;
			buildActionMask = 2147483647;
			dstPath = "";
			dstSubfolderSpec = 10;
			files = (
				739ECFEF295DDD3D00B79A27 /* Core.framework in Embed Frameworks */,
				739ED015295DDDCE00B79A27 /* FeatureGames.framework in Embed Frameworks */,
			);
			name = "Embed Frameworks";
			runOnlyForDeploymentPostprocessing = 0;
		};
/* End PBXCopyFilesBuildPhase section */

/* Begin PBXFileReference section */
		73319D40295F88E500336E61 /* AppDelegate+World.swift */ = {isa = PBXFileReference; lastKnownFileType = sourcecode.swift; path = "AppDelegate+World.swift"; sourceTree = "<group>"; };
		7359711F296368C200DC746B /* XCUIElement+Helpers.swift */ = {isa = PBXFileReference; lastKnownFileType = sourcecode.swift; path = "XCUIElement+Helpers.swift"; sourceTree = "<group>"; };
		735971212963691300DC746B /* LaunchArguments.swift */ = {isa = PBXFileReference; lastKnownFileType = sourcecode.swift; path = LaunchArguments.swift; sourceTree = "<group>"; };
		735971252963696C00DC746B /* GameListScreen.swift */ = {isa = PBXFileReference; lastKnownFileType = sourcecode.swift; path = GameListScreen.swift; sourceTree = "<group>"; };
		7359712729636BE500DC746B /* GameTests.swift */ = {isa = PBXFileReference; lastKnownFileType = sourcecode.swift; path = GameTests.swift; sourceTree = "<group>"; };
		7359712929636D1200DC746B /* XCUIApplication+Ext.swift */ = {isa = PBXFileReference; lastKnownFileType = sourcecode.swift; path = "XCUIApplication+Ext.swift"; sourceTree = "<group>"; };
		7359712B29636D9800DC746B /* AppDelegate+LaunchArguments.swift */ = {isa = PBXFileReference; lastKnownFileType = sourcecode.swift; path = "AppDelegate+LaunchArguments.swift"; sourceTree = "<group>"; };
		73597333296379F500DC746B /* getGames.json */ = {isa = PBXFileReference; lastKnownFileType = text.json; path = getGames.json; sourceTree = "<group>"; };
		7359733529637BF400DC746B /* getGameDetails.json */ = {isa = PBXFileReference; lastKnownFileType = text.json; path = getGameDetails.json; sourceTree = "<group>"; };
		735973372963825C00DC746B /* GameDetailsScreen.swift */ = {isa = PBXFileReference; lastKnownFileType = sourcecode.swift; path = GameDetailsScreen.swift; sourceTree = "<group>"; };
		735973392963831A00DC746B /* GameSummaryElement.swift */ = {isa = PBXFileReference; lastKnownFileType = sourcecode.swift; path = GameSummaryElement.swift; sourceTree = "<group>"; };
		739ECF6A295DDC5000B79A27 /* BrasilianLeague.app */ = {isa = PBXFileReference; explicitFileType = wrapper.application; includeInIndex = 0; path = BrasilianLeague.app; sourceTree = BUILT_PRODUCTS_DIR; };
		739ECF6D295DDC5000B79A27 /* AppDelegate.swift */ = {isa = PBXFileReference; lastKnownFileType = sourcecode.swift; path = AppDelegate.swift; sourceTree = "<group>"; };
		739ECF6F295DDC5000B79A27 /* SceneDelegate.swift */ = {isa = PBXFileReference; lastKnownFileType = sourcecode.swift; path = SceneDelegate.swift; sourceTree = "<group>"; };
		739ECF76295DDC5200B79A27 /* Assets.xcassets */ = {isa = PBXFileReference; lastKnownFileType = folder.assetcatalog; path = Assets.xcassets; sourceTree = "<group>"; };
		739ECF79295DDC5200B79A27 /* Base */ = {isa = PBXFileReference; lastKnownFileType = file.storyboard; name = Base; path = Base.lproj/LaunchScreen.storyboard; sourceTree = "<group>"; };
		739ECF7B295DDC5200B79A27 /* Info.plist */ = {isa = PBXFileReference; lastKnownFileType = text.plist.xml; path = Info.plist; sourceTree = "<group>"; };
		739ECF80295DDC5200B79A27 /* BrasilianLeagueTests.xctest */ = {isa = PBXFileReference; explicitFileType = wrapper.cfbundle; includeInIndex = 0; path = BrasilianLeagueTests.xctest; sourceTree = BUILT_PRODUCTS_DIR; };
		739ECF84295DDC5200B79A27 /* BrasilianLeagueTests.swift */ = {isa = PBXFileReference; lastKnownFileType = sourcecode.swift; path = BrasilianLeagueTests.swift; sourceTree = "<group>"; };
		739ECF8A295DDC5200B79A27 /* BrasilianLeagueUITests.xctest */ = {isa = PBXFileReference; explicitFileType = wrapper.cfbundle; includeInIndex = 0; path = BrasilianLeagueUITests.xctest; sourceTree = BUILT_PRODUCTS_DIR; };
		739ECFED295DDD3D00B79A27 /* Core.framework */ = {isa = PBXFileReference; explicitFileType = wrapper.framework; path = Core.framework; sourceTree = BUILT_PRODUCTS_DIR; };
		739ED013295DDDCE00B79A27 /* FeatureGames.framework */ = {isa = PBXFileReference; explicitFileType = wrapper.framework; path = FeatureGames.framework; sourceTree = BUILT_PRODUCTS_DIR; };
/* End PBXFileReference section */

/* Begin PBXFrameworksBuildPhase section */
		739ECF67295DDC5000B79A27 /* Frameworks */ = {
			isa = PBXFrameworksBuildPhase;
			buildActionMask = 2147483647;
			files = (
				739ECFEE295DDD3D00B79A27 /* Core.framework in Frameworks */,
				739ED014295DDDCE00B79A27 /* FeatureGames.framework in Frameworks */,
				739ED22F295E128200B79A27 /* TinyConstraints in Frameworks */,
				73319AD8295E42D500336E61 /* Nuke in Frameworks */,
			);
			runOnlyForDeploymentPostprocessing = 0;
		};
		739ECF7D295DDC5200B79A27 /* Frameworks */ = {
			isa = PBXFrameworksBuildPhase;
			buildActionMask = 2147483647;
			files = (
			);
			runOnlyForDeploymentPostprocessing = 0;
		};
		739ECF87295DDC5200B79A27 /* Frameworks */ = {
			isa = PBXFrameworksBuildPhase;
			buildActionMask = 2147483647;
			files = (
			);
			runOnlyForDeploymentPostprocessing = 0;
		};
/* End PBXFrameworksBuildPhase section */

/* Begin PBXGroup section */
		73319D45295F901C00336E61 /* Resources */ = {
			isa = PBXGroup;
			children = (
				73597332296379E000DC746B /* StubsUITest */,
				739ECF76295DDC5200B79A27 /* Assets.xcassets */,
				739ECF78295DDC5200B79A27 /* LaunchScreen.storyboard */,
			);
			path = Resources;
			sourceTree = "<group>";
		};
		7359711E296368A800DC746B /* Utils */ = {
			isa = PBXGroup;
			children = (
				7359711F296368C200DC746B /* XCUIElement+Helpers.swift */,
				735971212963691300DC746B /* LaunchArguments.swift */,
				7359712929636D1200DC746B /* XCUIApplication+Ext.swift */,
			);
			path = Utils;
			sourceTree = "<group>";
		};
		735971232963694B00DC746B /* Games */ = {
			isa = PBXGroup;
			children = (
				735971242963696100DC746B /* Screens */,
				7359712729636BE500DC746B /* GameTests.swift */,
			);
			path = Games;
			sourceTree = "<group>";
		};
		735971242963696100DC746B /* Screens */ = {
			isa = PBXGroup;
			children = (
				735971252963696C00DC746B /* GameListScreen.swift */,
				735973372963825C00DC746B /* GameDetailsScreen.swift */,
				735973392963831A00DC746B /* GameSummaryElement.swift */,
			);
			path = Screens;
			sourceTree = "<group>";
		};
		73597332296379E000DC746B /* StubsUITest */ = {
			isa = PBXGroup;
			children = (
				73597333296379F500DC746B /* getGames.json */,
				7359733529637BF400DC746B /* getGameDetails.json */,
			);
			path = StubsUITest;
			sourceTree = "<group>";
		};
		739ECF61295DDC5000B79A27 = {
			isa = PBXGroup;
			children = (
				739ECF6C295DDC5000B79A27 /* BrasilianLeague */,
				739ECF83295DDC5200B79A27 /* BrasilianLeagueTests */,
				739ECF8D295DDC5200B79A27 /* BrasilianLeagueUITests */,
				739ECF6B295DDC5000B79A27 /* Products */,
				739ECFEC295DDD3D00B79A27 /* Frameworks */,
			);
			sourceTree = "<group>";
		};
		739ECF6B295DDC5000B79A27 /* Products */ = {
			isa = PBXGroup;
			children = (
				739ECF6A295DDC5000B79A27 /* BrasilianLeague.app */,
				739ECF80295DDC5200B79A27 /* BrasilianLeagueTests.xctest */,
				739ECF8A295DDC5200B79A27 /* BrasilianLeagueUITests.xctest */,
			);
			name = Products;
			sourceTree = "<group>";
		};
		739ECF6C295DDC5000B79A27 /* BrasilianLeague */ = {
			isa = PBXGroup;
			children = (
				739ECF7B295DDC5200B79A27 /* Info.plist */,
				73319D45295F901C00336E61 /* Resources */,
				739ECF6D295DDC5000B79A27 /* AppDelegate.swift */,
				739ECF6F295DDC5000B79A27 /* SceneDelegate.swift */,
				73319D40295F88E500336E61 /* AppDelegate+World.swift */,
				7359712B29636D9800DC746B /* AppDelegate+LaunchArguments.swift */,
			);
			path = BrasilianLeague;
			sourceTree = "<group>";
		};
		739ECF83295DDC5200B79A27 /* BrasilianLeagueTests */ = {
			isa = PBXGroup;
			children = (
				739ECF84295DDC5200B79A27 /* BrasilianLeagueTests.swift */,
			);
			path = BrasilianLeagueTests;
			sourceTree = "<group>";
		};
		739ECF8D295DDC5200B79A27 /* BrasilianLeagueUITests */ = {
			isa = PBXGroup;
			children = (
				735971232963694B00DC746B /* Games */,
				7359711E296368A800DC746B /* Utils */,
			);
			path = BrasilianLeagueUITests;
			sourceTree = "<group>";
		};
		739ECFEC295DDD3D00B79A27 /* Frameworks */ = {
			isa = PBXGroup;
			children = (
				739ED013295DDDCE00B79A27 /* FeatureGames.framework */,
				739ECFED295DDD3D00B79A27 /* Core.framework */,
			);
			name = Frameworks;
			sourceTree = "<group>";
		};
/* End PBXGroup section */

/* Begin PBXNativeTarget section */
		739ECF69295DDC5000B79A27 /* BrasilianLeague */ = {
			isa = PBXNativeTarget;
			buildConfigurationList = 739ECF94295DDC5200B79A27 /* Build configuration list for PBXNativeTarget "BrasilianLeague" */;
			buildPhases = (
				739ECF66295DDC5000B79A27 /* Sources */,
				739ECF67295DDC5000B79A27 /* Frameworks */,
				739ECF68295DDC5000B79A27 /* Resources */,
				739ECFF0295DDD3D00B79A27 /* Embed Frameworks */,
				739ED020295DE2DE00B79A27 /* Swiftlint */,
			);
			buildRules = (
			);
			dependencies = (
			);
			name = BrasilianLeague;
			packageProductDependencies = (
				739ED22E295E128200B79A27 /* TinyConstraints */,
				73319AD7295E42D500336E61 /* Nuke */,
			);
			productName = BrasilianLeague;
			productReference = 739ECF6A295DDC5000B79A27 /* BrasilianLeague.app */;
			productType = "com.apple.product-type.application";
		};
		739ECF7F295DDC5200B79A27 /* BrasilianLeagueTests */ = {
			isa = PBXNativeTarget;
			buildConfigurationList = 739ECF97295DDC5200B79A27 /* Build configuration list for PBXNativeTarget "BrasilianLeagueTests" */;
			buildPhases = (
				739ECF7C295DDC5200B79A27 /* Sources */,
				739ECF7D295DDC5200B79A27 /* Frameworks */,
				739ECF7E295DDC5200B79A27 /* Resources */,
			);
			buildRules = (
			);
			dependencies = (
				739ECF82295DDC5200B79A27 /* PBXTargetDependency */,
			);
			name = BrasilianLeagueTests;
			productName = BrasilianLeagueTests;
			productReference = 739ECF80295DDC5200B79A27 /* BrasilianLeagueTests.xctest */;
			productType = "com.apple.product-type.bundle.unit-test";
		};
		739ECF89295DDC5200B79A27 /* BrasilianLeagueUITests */ = {
			isa = PBXNativeTarget;
			buildConfigurationList = 739ECF9A295DDC5200B79A27 /* Build configuration list for PBXNativeTarget "BrasilianLeagueUITests" */;
			buildPhases = (
				739ECF86295DDC5200B79A27 /* Sources */,
				739ECF87295DDC5200B79A27 /* Frameworks */,
				739ECF88295DDC5200B79A27 /* Resources */,
			);
			buildRules = (
			);
			dependencies = (
				739ECF8C295DDC5200B79A27 /* PBXTargetDependency */,
			);
			name = BrasilianLeagueUITests;
			productName = BrasilianLeagueUITests;
			productReference = 739ECF8A295DDC5200B79A27 /* BrasilianLeagueUITests.xctest */;
			productType = "com.apple.product-type.bundle.ui-testing";
		};
/* End PBXNativeTarget section */

/* Begin PBXProject section */
		739ECF62295DDC5000B79A27 /* Project object */ = {
			isa = PBXProject;
			attributes = {
				BuildIndependentTargetsInParallel = 1;
				LastSwiftUpdateCheck = 1400;
				LastUpgradeCheck = 1400;
				TargetAttributes = {
					739ECF69295DDC5000B79A27 = {
						CreatedOnToolsVersion = 14.0;
					};
					739ECF7F295DDC5200B79A27 = {
						CreatedOnToolsVersion = 14.0;
						TestTargetID = 739ECF69295DDC5000B79A27;
					};
					739ECF89295DDC5200B79A27 = {
						CreatedOnToolsVersion = 14.0;
						TestTargetID = 739ECF69295DDC5000B79A27;
					};
				};
			};
			buildConfigurationList = 739ECF65295DDC5000B79A27 /* Build configuration list for PBXProject "BrasilianLeague" */;
			compatibilityVersion = "Xcode 14.0";
			developmentRegion = en;
			hasScannedForEncodings = 0;
			knownRegions = (
				en,
				Base,
			);
			mainGroup = 739ECF61295DDC5000B79A27;
			packageReferences = (
				739ED22D295E128200B79A27 /* XCRemoteSwiftPackageReference "TinyConstraints" */,
				73319AD6295E42D500336E61 /* XCRemoteSwiftPackageReference "Nuke" */,
			);
			productRefGroup = 739ECF6B295DDC5000B79A27 /* Products */;
			projectDirPath = "";
			projectRoot = "";
			targets = (
				739ECF69295DDC5000B79A27 /* BrasilianLeague */,
				739ECF7F295DDC5200B79A27 /* BrasilianLeagueTests */,
				739ECF89295DDC5200B79A27 /* BrasilianLeagueUITests */,
			);
		};
/* End PBXProject section */

/* Begin PBXResourcesBuildPhase section */
		739ECF68295DDC5000B79A27 /* Resources */ = {
			isa = PBXResourcesBuildPhase;
			buildActionMask = 2147483647;
			files = (
				73597334296379F500DC746B /* getGames.json in Resources */,
				739ECF7A295DDC5200B79A27 /* LaunchScreen.storyboard in Resources */,
				739ECF77295DDC5200B79A27 /* Assets.xcassets in Resources */,
				7359733629637BF400DC746B /* getGameDetails.json in Resources */,
			);
			runOnlyForDeploymentPostprocessing = 0;
		};
		739ECF7E295DDC5200B79A27 /* Resources */ = {
			isa = PBXResourcesBuildPhase;
			buildActionMask = 2147483647;
			files = (
			);
			runOnlyForDeploymentPostprocessing = 0;
		};
		739ECF88295DDC5200B79A27 /* Resources */ = {
			isa = PBXResourcesBuildPhase;
			buildActionMask = 2147483647;
			files = (
			);
			runOnlyForDeploymentPostprocessing = 0;
		};
/* End PBXResourcesBuildPhase section */

/* Begin PBXShellScriptBuildPhase section */
		739ED020295DE2DE00B79A27 /* Swiftlint */ = {
			isa = PBXShellScriptBuildPhase;
			alwaysOutOfDate = 1;
			buildActionMask = 2147483647;
			files = (
			);
			inputFileListPaths = (
			);
			inputPaths = (
			);
			name = Swiftlint;
			outputFileListPaths = (
			);
			outputPaths = (
			);
			runOnlyForDeploymentPostprocessing = 0;
			shellPath = /bin/sh;
			shellScript = "swiftlint\n";
		};
/* End PBXShellScriptBuildPhase section */

/* Begin PBXSourcesBuildPhase section */
		739ECF66295DDC5000B79A27 /* Sources */ = {
			isa = PBXSourcesBuildPhase;
			buildActionMask = 2147483647;
			files = (
				7359712C29636D9800DC746B /* AppDelegate+LaunchArguments.swift in Sources */,
				739ECF6E295DDC5000B79A27 /* AppDelegate.swift in Sources */,
				739ECF70295DDC5000B79A27 /* SceneDelegate.swift in Sources */,
				73319D41295F88E500336E61 /* AppDelegate+World.swift in Sources */,
			);
			runOnlyForDeploymentPostprocessing = 0;
		};
		739ECF7C295DDC5200B79A27 /* Sources */ = {
			isa = PBXSourcesBuildPhase;
			buildActionMask = 2147483647;
			files = (
				739ECF85295DDC5200B79A27 /* BrasilianLeagueTests.swift in Sources */,
			);
			runOnlyForDeploymentPostprocessing = 0;
		};
		739ECF86295DDC5200B79A27 /* Sources */ = {
			isa = PBXSourcesBuildPhase;
			buildActionMask = 2147483647;
			files = (
				735973382963825C00DC746B /* GameDetailsScreen.swift in Sources */,
				735971262963696C00DC746B /* GameListScreen.swift in Sources */,
				7359712829636BE500DC746B /* GameTests.swift in Sources */,
				7359733A2963831A00DC746B /* GameSummaryElement.swift in Sources */,
				7359712A29636D1200DC746B /* XCUIApplication+Ext.swift in Sources */,
				73597120296368C200DC746B /* XCUIElement+Helpers.swift in Sources */,
				735971222963691300DC746B /* LaunchArguments.swift in Sources */,
			);
			runOnlyForDeploymentPostprocessing = 0;
		};
/* End PBXSourcesBuildPhase section */

/* Begin PBXTargetDependency section */
		739ECF82295DDC5200B79A27 /* PBXTargetDependency */ = {
			isa = PBXTargetDependency;
			target = 739ECF69295DDC5000B79A27 /* BrasilianLeague */;
			targetProxy = 739ECF81295DDC5200B79A27 /* PBXContainerItemProxy */;
		};
		739ECF8C295DDC5200B79A27 /* PBXTargetDependency */ = {
			isa = PBXTargetDependency;
			target = 739ECF69295DDC5000B79A27 /* BrasilianLeague */;
			targetProxy = 739ECF8B295DDC5200B79A27 /* PBXContainerItemProxy */;
		};
/* End PBXTargetDependency section */

/* Begin PBXVariantGroup section */
		739ECF78295DDC5200B79A27 /* LaunchScreen.storyboard */ = {
			isa = PBXVariantGroup;
			children = (
				739ECF79295DDC5200B79A27 /* Base */,
			);
			name = LaunchScreen.storyboard;
			sourceTree = "<group>";
		};
/* End PBXVariantGroup section */

/* Begin XCBuildConfiguration section */
		739ECF92295DDC5200B79A27 /* Debug */ = {
			isa = XCBuildConfiguration;
			buildSettings = {
				ALWAYS_SEARCH_USER_PATHS = NO;
				CLANG_ANALYZER_NONNULL = YES;
				CLANG_ANALYZER_NUMBER_OBJECT_CONVERSION = YES_AGGRESSIVE;
				CLANG_CXX_LANGUAGE_STANDARD = "gnu++20";
				CLANG_ENABLE_MODULES = YES;
				CLANG_ENABLE_OBJC_ARC = YES;
				CLANG_ENABLE_OBJC_WEAK = YES;
				CLANG_WARN_BLOCK_CAPTURE_AUTORELEASING = YES;
				CLANG_WARN_BOOL_CONVERSION = YES;
				CLANG_WARN_COMMA = YES;
				CLANG_WARN_CONSTANT_CONVERSION = YES;
				CLANG_WARN_DEPRECATED_OBJC_IMPLEMENTATIONS = YES;
				CLANG_WARN_DIRECT_OBJC_ISA_USAGE = YES_ERROR;
				CLANG_WARN_DOCUMENTATION_COMMENTS = YES;
				CLANG_WARN_EMPTY_BODY = YES;
				CLANG_WARN_ENUM_CONVERSION = YES;
				CLANG_WARN_INFINITE_RECURSION = YES;
				CLANG_WARN_INT_CONVERSION = YES;
				CLANG_WARN_NON_LITERAL_NULL_CONVERSION = YES;
				CLANG_WARN_OBJC_IMPLICIT_RETAIN_SELF = YES;
				CLANG_WARN_OBJC_LITERAL_CONVERSION = YES;
				CLANG_WARN_OBJC_ROOT_CLASS = YES_ERROR;
				CLANG_WARN_QUOTED_INCLUDE_IN_FRAMEWORK_HEADER = YES;
				CLANG_WARN_RANGE_LOOP_ANALYSIS = YES;
				CLANG_WARN_STRICT_PROTOTYPES = YES;
				CLANG_WARN_SUSPICIOUS_MOVE = YES;
				CLANG_WARN_UNGUARDED_AVAILABILITY = YES_AGGRESSIVE;
				CLANG_WARN_UNREACHABLE_CODE = YES;
				CLANG_WARN__DUPLICATE_METHOD_MATCH = YES;
				COPY_PHASE_STRIP = NO;
				DEBUG_INFORMATION_FORMAT = dwarf;
				ENABLE_STRICT_OBJC_MSGSEND = YES;
				ENABLE_TESTABILITY = YES;
				GCC_C_LANGUAGE_STANDARD = gnu11;
				GCC_DYNAMIC_NO_PIC = NO;
				GCC_NO_COMMON_BLOCKS = YES;
				GCC_OPTIMIZATION_LEVEL = 0;
				GCC_PREPROCESSOR_DEFINITIONS = (
					"DEBUG=1",
					"$(inherited)",
				);
				GCC_WARN_64_TO_32_BIT_CONVERSION = YES;
				GCC_WARN_ABOUT_RETURN_TYPE = YES_ERROR;
				GCC_WARN_UNDECLARED_SELECTOR = YES;
				GCC_WARN_UNINITIALIZED_AUTOS = YES_AGGRESSIVE;
				GCC_WARN_UNUSED_FUNCTION = YES;
				GCC_WARN_UNUSED_VARIABLE = YES;
				IPHONEOS_DEPLOYMENT_TARGET = 16.0;
				MTL_ENABLE_DEBUG_INFO = INCLUDE_SOURCE;
				MTL_FAST_MATH = YES;
				ONLY_ACTIVE_ARCH = YES;
				SDKROOT = iphoneos;
				SWIFT_ACTIVE_COMPILATION_CONDITIONS = DEBUG;
				SWIFT_OPTIMIZATION_LEVEL = "-Onone";
			};
			name = Debug;
		};
		739ECF93295DDC5200B79A27 /* Release */ = {
			isa = XCBuildConfiguration;
			buildSettings = {
				ALWAYS_SEARCH_USER_PATHS = NO;
				CLANG_ANALYZER_NONNULL = YES;
				CLANG_ANALYZER_NUMBER_OBJECT_CONVERSION = YES_AGGRESSIVE;
				CLANG_CXX_LANGUAGE_STANDARD = "gnu++20";
				CLANG_ENABLE_MODULES = YES;
				CLANG_ENABLE_OBJC_ARC = YES;
				CLANG_ENABLE_OBJC_WEAK = YES;
				CLANG_WARN_BLOCK_CAPTURE_AUTORELEASING = YES;
				CLANG_WARN_BOOL_CONVERSION = YES;
				CLANG_WARN_COMMA = YES;
				CLANG_WARN_CONSTANT_CONVERSION = YES;
				CLANG_WARN_DEPRECATED_OBJC_IMPLEMENTATIONS = YES;
				CLANG_WARN_DIRECT_OBJC_ISA_USAGE = YES_ERROR;
				CLANG_WARN_DOCUMENTATION_COMMENTS = YES;
				CLANG_WARN_EMPTY_BODY = YES;
				CLANG_WARN_ENUM_CONVERSION = YES;
				CLANG_WARN_INFINITE_RECURSION = YES;
				CLANG_WARN_INT_CONVERSION = YES;
				CLANG_WARN_NON_LITERAL_NULL_CONVERSION = YES;
				CLANG_WARN_OBJC_IMPLICIT_RETAIN_SELF = YES;
				CLANG_WARN_OBJC_LITERAL_CONVERSION = YES;
				CLANG_WARN_OBJC_ROOT_CLASS = YES_ERROR;
				CLANG_WARN_QUOTED_INCLUDE_IN_FRAMEWORK_HEADER = YES;
				CLANG_WARN_RANGE_LOOP_ANALYSIS = YES;
				CLANG_WARN_STRICT_PROTOTYPES = YES;
				CLANG_WARN_SUSPICIOUS_MOVE = YES;
				CLANG_WARN_UNGUARDED_AVAILABILITY = YES_AGGRESSIVE;
				CLANG_WARN_UNREACHABLE_CODE = YES;
				CLANG_WARN__DUPLICATE_METHOD_MATCH = YES;
				COPY_PHASE_STRIP = NO;
				DEBUG_INFORMATION_FORMAT = "dwarf-with-dsym";
				ENABLE_NS_ASSERTIONS = NO;
				ENABLE_STRICT_OBJC_MSGSEND = YES;
				GCC_C_LANGUAGE_STANDARD = gnu11;
				GCC_NO_COMMON_BLOCKS = YES;
				GCC_WARN_64_TO_32_BIT_CONVERSION = YES;
				GCC_WARN_ABOUT_RETURN_TYPE = YES_ERROR;
				GCC_WARN_UNDECLARED_SELECTOR = YES;
				GCC_WARN_UNINITIALIZED_AUTOS = YES_AGGRESSIVE;
				GCC_WARN_UNUSED_FUNCTION = YES;
				GCC_WARN_UNUSED_VARIABLE = YES;
				IPHONEOS_DEPLOYMENT_TARGET = 16.0;
				MTL_ENABLE_DEBUG_INFO = NO;
				MTL_FAST_MATH = YES;
				SDKROOT = iphoneos;
				SWIFT_COMPILATION_MODE = wholemodule;
				SWIFT_OPTIMIZATION_LEVEL = "-O";
				VALIDATE_PRODUCT = YES;
			};
			name = Release;
		};
		739ECF95295DDC5200B79A27 /* Debug */ = {
			isa = XCBuildConfiguration;
			buildSettings = {
				ASSETCATALOG_COMPILER_APPICON_NAME = AppIcon;
				ASSETCATALOG_COMPILER_GLOBAL_ACCENT_COLOR_NAME = AccentColor;
				CODE_SIGN_STYLE = Automatic;
				CURRENT_PROJECT_VERSION = 1;
				DEVELOPMENT_TEAM = AD62P27W7L;
				GENERATE_INFOPLIST_FILE = YES;
				INFOPLIST_FILE = BrasilianLeague/Info.plist;
				INFOPLIST_KEY_UIApplicationSupportsIndirectInputEvents = YES;
				INFOPLIST_KEY_UILaunchStoryboardName = LaunchScreen;
				INFOPLIST_KEY_UISupportedInterfaceOrientations_iPad = "UIInterfaceOrientationPortrait UIInterfaceOrientationPortraitUpsideDown UIInterfaceOrientationLandscapeLeft UIInterfaceOrientationLandscapeRight";
				INFOPLIST_KEY_UISupportedInterfaceOrientations_iPhone = "UIInterfaceOrientationPortrait UIInterfaceOrientationLandscapeLeft UIInterfaceOrientationLandscapeRight";
				LD_RUNPATH_SEARCH_PATHS = (
					"$(inherited)",
					"@executable_path/Frameworks",
				);
				MARKETING_VERSION = 1.0;
				PRODUCT_BUNDLE_IDENTIFIER = br.com.antonyalkmim.BrasilianLeague;
				PRODUCT_NAME = "$(TARGET_NAME)";
				SWIFT_EMIT_LOC_STRINGS = YES;
				SWIFT_VERSION = 5.0;
				TARGETED_DEVICE_FAMILY = "1,2";
			};
			name = Debug;
		};
		739ECF96295DDC5200B79A27 /* Release */ = {
			isa = XCBuildConfiguration;
			buildSettings = {
				ASSETCATALOG_COMPILER_APPICON_NAME = AppIcon;
				ASSETCATALOG_COMPILER_GLOBAL_ACCENT_COLOR_NAME = AccentColor;
				CODE_SIGN_STYLE = Automatic;
				CURRENT_PROJECT_VERSION = 1;
				DEVELOPMENT_TEAM = AD62P27W7L;
				GENERATE_INFOPLIST_FILE = YES;
				INFOPLIST_FILE = BrasilianLeague/Info.plist;
				INFOPLIST_KEY_UIApplicationSupportsIndirectInputEvents = YES;
				INFOPLIST_KEY_UILaunchStoryboardName = LaunchScreen;
				INFOPLIST_KEY_UISupportedInterfaceOrientations_iPad = "UIInterfaceOrientationPortrait UIInterfaceOrientationPortraitUpsideDown UIInterfaceOrientationLandscapeLeft UIInterfaceOrientationLandscapeRight";
				INFOPLIST_KEY_UISupportedInterfaceOrientations_iPhone = "UIInterfaceOrientationPortrait UIInterfaceOrientationLandscapeLeft UIInterfaceOrientationLandscapeRight";
				LD_RUNPATH_SEARCH_PATHS = (
					"$(inherited)",
					"@executable_path/Frameworks",
				);
				MARKETING_VERSION = 1.0;
				PRODUCT_BUNDLE_IDENTIFIER = br.com.antonyalkmim.BrasilianLeague;
				PRODUCT_NAME = "$(TARGET_NAME)";
				SWIFT_EMIT_LOC_STRINGS = YES;
				SWIFT_VERSION = 5.0;
				TARGETED_DEVICE_FAMILY = "1,2";
			};
			name = Release;
		};
		739ECF98295DDC5200B79A27 /* Debug */ = {
			isa = XCBuildConfiguration;
			buildSettings = {
				ALWAYS_EMBED_SWIFT_STANDARD_LIBRARIES = YES;
				BUNDLE_LOADER = "$(TEST_HOST)";
				CODE_SIGN_STYLE = Automatic;
				CURRENT_PROJECT_VERSION = 1;
				DEVELOPMENT_TEAM = AD62P27W7L;
				GENERATE_INFOPLIST_FILE = YES;
				IPHONEOS_DEPLOYMENT_TARGET = 16.0;
				MARKETING_VERSION = 1.0;
				PRODUCT_BUNDLE_IDENTIFIER = br.com.antonyalkmim.BrasilianLeagueTests;
				PRODUCT_NAME = "$(TARGET_NAME)";
				SWIFT_EMIT_LOC_STRINGS = NO;
				SWIFT_VERSION = 5.0;
				TARGETED_DEVICE_FAMILY = "1,2";
				TEST_HOST = "$(BUILT_PRODUCTS_DIR)/BrasilianLeague.app/$(BUNDLE_EXECUTABLE_FOLDER_PATH)/BrasilianLeague";
			};
			name = Debug;
		};
		739ECF99295DDC5200B79A27 /* Release */ = {
			isa = XCBuildConfiguration;
			buildSettings = {
				ALWAYS_EMBED_SWIFT_STANDARD_LIBRARIES = YES;
				BUNDLE_LOADER = "$(TEST_HOST)";
				CODE_SIGN_STYLE = Automatic;
				CURRENT_PROJECT_VERSION = 1;
				DEVELOPMENT_TEAM = AD62P27W7L;
				GENERATE_INFOPLIST_FILE = YES;
				IPHONEOS_DEPLOYMENT_TARGET = 16.0;
				MARKETING_VERSION = 1.0;
				PRODUCT_BUNDLE_IDENTIFIER = br.com.antonyalkmim.BrasilianLeagueTests;
				PRODUCT_NAME = "$(TARGET_NAME)";
				SWIFT_EMIT_LOC_STRINGS = NO;
				SWIFT_VERSION = 5.0;
				TARGETED_DEVICE_FAMILY = "1,2";
				TEST_HOST = "$(BUILT_PRODUCTS_DIR)/BrasilianLeague.app/$(BUNDLE_EXECUTABLE_FOLDER_PATH)/BrasilianLeague";
			};
			name = Release;
		};
		739ECF9B295DDC5200B79A27 /* Debug */ = {
			isa = XCBuildConfiguration;
			buildSettings = {
				ALWAYS_EMBED_SWIFT_STANDARD_LIBRARIES = YES;
				CODE_SIGN_STYLE = Automatic;
				CURRENT_PROJECT_VERSION = 1;
				DEVELOPMENT_TEAM = AD62P27W7L;
				GENERATE_INFOPLIST_FILE = YES;
				MARKETING_VERSION = 1.0;
				PRODUCT_BUNDLE_IDENTIFIER = br.com.antonyalkmim.BrasilianLeagueUITests;
				PRODUCT_NAME = "$(TARGET_NAME)";
				SWIFT_EMIT_LOC_STRINGS = NO;
				SWIFT_VERSION = 5.0;
				TARGETED_DEVICE_FAMILY = "1,2";
				TEST_TARGET_NAME = BrasilianLeague;
			};
			name = Debug;
		};
		739ECF9C295DDC5200B79A27 /* Release */ = {
			isa = XCBuildConfiguration;
			buildSettings = {
				ALWAYS_EMBED_SWIFT_STANDARD_LIBRARIES = YES;
				CODE_SIGN_STYLE = Automatic;
				CURRENT_PROJECT_VERSION = 1;
				DEVELOPMENT_TEAM = AD62P27W7L;
				GENERATE_INFOPLIST_FILE = YES;
				MARKETING_VERSION = 1.0;
				PRODUCT_BUNDLE_IDENTIFIER = br.com.antonyalkmim.BrasilianLeagueUITests;
				PRODUCT_NAME = "$(TARGET_NAME)";
				SWIFT_EMIT_LOC_STRINGS = NO;
				SWIFT_VERSION = 5.0;
				TARGETED_DEVICE_FAMILY = "1,2";
				TEST_TARGET_NAME = BrasilianLeague;
			};
			name = Release;
		};
/* End XCBuildConfiguration section */

/* Begin XCConfigurationList section */
		739ECF65295DDC5000B79A27 /* Build configuration list for PBXProject "BrasilianLeague" */ = {
			isa = XCConfigurationList;
			buildConfigurations = (
				739ECF92295DDC5200B79A27 /* Debug */,
				739ECF93295DDC5200B79A27 /* Release */,
			);
			defaultConfigurationIsVisible = 0;
			defaultConfigurationName = Release;
		};
		739ECF94295DDC5200B79A27 /* Build configuration list for PBXNativeTarget "BrasilianLeague" */ = {
			isa = XCConfigurationList;
			buildConfigurations = (
				739ECF95295DDC5200B79A27 /* Debug */,
				739ECF96295DDC5200B79A27 /* Release */,
			);
			defaultConfigurationIsVisible = 0;
			defaultConfigurationName = Release;
		};
		739ECF97295DDC5200B79A27 /* Build configuration list for PBXNativeTarget "BrasilianLeagueTests" */ = {
			isa = XCConfigurationList;
			buildConfigurations = (
				739ECF98295DDC5200B79A27 /* Debug */,
				739ECF99295DDC5200B79A27 /* Release */,
			);
			defaultConfigurationIsVisible = 0;
			defaultConfigurationName = Release;
		};
		739ECF9A295DDC5200B79A27 /* Build configuration list for PBXNativeTarget "BrasilianLeagueUITests" */ = {
			isa = XCConfigurationList;
			buildConfigurations = (
				739ECF9B295DDC5200B79A27 /* Debug */,
				739ECF9C295DDC5200B79A27 /* Release */,
			);
			defaultConfigurationIsVisible = 0;
			defaultConfigurationName = Release;
		};
/* End XCConfigurationList section */

/* Begin XCRemoteSwiftPackageReference section */
		73319AD6295E42D500336E61 /* XCRemoteSwiftPackageReference "Nuke" */ = {
			isa = XCRemoteSwiftPackageReference;
			repositoryURL = "https://github.com/kean/Nuke";
			requirement = {
				kind = upToNextMajorVersion;
				minimumVersion = 9.0.0;
			};
		};
		739ED22D295E128200B79A27 /* XCRemoteSwiftPackageReference "TinyConstraints" */ = {
			isa = XCRemoteSwiftPackageReference;
			repositoryURL = "https://github.com/roberthein/TinyConstraints.git";
			requirement = {
				kind = upToNextMajorVersion;
				minimumVersion = 4.0.0;
			};
		};
/* End XCRemoteSwiftPackageReference section */

/* Begin XCSwiftPackageProductDependency section */
		73319AD7295E42D500336E61 /* Nuke */ = {
			isa = XCSwiftPackageProductDependency;
			package = 73319AD6295E42D500336E61 /* XCRemoteSwiftPackageReference "Nuke" */;
			productName = Nuke;
		};
		739ED22E295E128200B79A27 /* TinyConstraints */ = {
			isa = XCSwiftPackageProductDependency;
			package = 739ED22D295E128200B79A27 /* XCRemoteSwiftPackageReference "TinyConstraints" */;
			productName = TinyConstraints;
		};
/* End XCSwiftPackageProductDependency section */
	};
	rootObject = 739ECF62295DDC5000B79A27 /* Project object */;
}
