// !$*UTF8*$!
{
	archiveVersion = 1;
	classes = {
	};
	objectVersion = 56;
	objects = {

/* Begin PBXBuildFile section */
		733198C9295E36B400336E61 /* GameSummary.swift in Sources */ = {isa = PBXBuildFile; fileRef = 733198C8295E36B400336E61 /* GameSummary.swift */; };
		733198CC295E37E500336E61 /* Team.swift in Sources */ = {isa = PBXBuildFile; fileRef = 733198CB295E37E500336E61 /* Team.swift */; };
		733198CF295E3D6C00336E61 /* Nuke in Frameworks */ = {isa = PBXBuildFile; productRef = 733198CE295E3D6C00336E61 /* Nuke */; };
		73319AE1295F1EF100336E61 /* SnapshotTesting in Frameworks */ = {isa = PBXBuildFile; productRef = 73319AE0295F1EF100336E61 /* SnapshotTesting */; };
		73319AE4295F1F2400336E61 /* GameSummaryViewTests.swift in Sources */ = {isa = PBXBuildFile; fileRef = 73319AE3295F1F2400336E61 /* GameSummaryViewTests.swift */; };
		73319CD0295F22F800336E61 /* GameSummary+Stubs.swift in Sources */ = {isa = PBXBuildFile; fileRef = 73319CCF295F22F800336E61 /* GameSummary+Stubs.swift */; };
		73319CD9295F2CAC00336E61 /* Localizable.strings in Resources */ = {isa = PBXBuildFile; fileRef = 73319CD8295F2CAC00336E61 /* Localizable.strings */; };
		73319CDB295F2CC800336E61 /* Assets.xcassets in Resources */ = {isa = PBXBuildFile; fileRef = 73319CDA295F2CC800336E61 /* Assets.xcassets */; };
		73319D24295F2ED800336E61 /* Assets.generated.swift in Sources */ = {isa = PBXBuildFile; fileRef = 73319D22295F2ED800336E61 /* Assets.generated.swift */; };
		73319D25295F2ED800336E61 /* Strings.generated.swift in Sources */ = {isa = PBXBuildFile; fileRef = 73319D23295F2ED800336E61 /* Strings.generated.swift */; };
		73319D2B295F601900336E61 /* GamesService.swift in Sources */ = {isa = PBXBuildFile; fileRef = 73319D2A295F601900336E61 /* GamesService.swift */; };
		73319D38295F793C00336E61 /* GameListViewModelTests.swift in Sources */ = {isa = PBXBuildFile; fileRef = 73319D37295F793B00336E61 /* GameListViewModelTests.swift */; };
		73319D3A295F7A2500336E61 /* GameServiceMock.swift in Sources */ = {isa = PBXBuildFile; fileRef = 73319D39295F7A2500336E61 /* GameServiceMock.swift */; };
		73319D3C295F7F4E00336E61 /* GameCoordinatorSpy.swift in Sources */ = {isa = PBXBuildFile; fileRef = 73319D3B295F7F4E00336E61 /* GameCoordinatorSpy.swift */; };
		73319D6E2960A3E400336E61 /* GameDetailsViewModel.swift in Sources */ = {isa = PBXBuildFile; fileRef = 73319D6D2960A3E400336E61 /* GameDetailsViewModel.swift */; };
		73319D702960A40200336E61 /* GameDetailsController.swift in Sources */ = {isa = PBXBuildFile; fileRef = 73319D6F2960A40200336E61 /* GameDetailsController.swift */; };
		73319D722960A51500336E61 /* GameHighlight.swift in Sources */ = {isa = PBXBuildFile; fileRef = 73319D712960A51500336E61 /* GameHighlight.swift */; };
		73319D742960A72400336E61 /* GameDetailsView.swift in Sources */ = {isa = PBXBuildFile; fileRef = 73319D732960A72400336E61 /* GameDetailsView.swift */; };
		739ED004295DDDA400B79A27 /* FeatureGames.framework in Frameworks */ = {isa = PBXBuildFile; fileRef = 739ECFFB295DDDA300B79A27 /* FeatureGames.framework */; };
		739ED00A295DDDA400B79A27 /* FeatureGames.h in Headers */ = {isa = PBXBuildFile; fileRef = 739ECFFE295DDDA300B79A27 /* FeatureGames.h */; settings = {ATTRIBUTES = (Public, ); }; };
		739ED018295DDDD900B79A27 /* Core.framework in Frameworks */ = {isa = PBXBuildFile; fileRef = 739ED017295DDDD900B79A27 /* Core.framework */; };
		739ED019295DDDD900B79A27 /* Core.framework in Embed Frameworks */ = {isa = PBXBuildFile; fileRef = 739ED017295DDDD900B79A27 /* Core.framework */; settings = {ATTRIBUTES = (CodeSignOnCopy, RemoveHeadersOnCopy, ); }; };
		739ED025295DE4DE00B79A27 /* GamesCoordinator.swift in Sources */ = {isa = PBXBuildFile; fileRef = 739ED024295DE4DE00B79A27 /* GamesCoordinator.swift */; };
		739ED221295E097400B79A27 /* GameListController.swift in Sources */ = {isa = PBXBuildFile; fileRef = 739ED220295E097400B79A27 /* GameListController.swift */; };
		739ED226295E0A7500B79A27 /* GameListViewModel.swift in Sources */ = {isa = PBXBuildFile; fileRef = 739ED225295E0A7500B79A27 /* GameListViewModel.swift */; };
		739ED228295E0BC500B79A27 /* GameListView.swift in Sources */ = {isa = PBXBuildFile; fileRef = 739ED227295E0BC500B79A27 /* GameListView.swift */; };
		739ED235295E136300B79A27 /* TinyConstraints in Frameworks */ = {isa = PBXBuildFile; productRef = 739ED234295E136300B79A27 /* TinyConstraints */; };
		73F59DBA295E24150072985B /* GameListCell.swift in Sources */ = {isa = PBXBuildFile; fileRef = 73F59DB9295E24150072985B /* GameListCell.swift */; };
		73F59DBF295E2C4B0072985B /* GameSumaryView.swift in Sources */ = {isa = PBXBuildFile; fileRef = 73F59DBE295E2C4A0072985B /* GameSumaryView.swift */; };
/* End PBXBuildFile section */

/* Begin PBXContainerItemProxy section */
		739ED005295DDDA400B79A27 /* PBXContainerItemProxy */ = {
			isa = PBXContainerItemProxy;
			containerPortal = 739ECFF2295DDDA300B79A27 /* Project object */;
			proxyType = 1;
			remoteGlobalIDString = 739ECFFA295DDDA300B79A27;
			remoteInfo = FeatureGames;
		};
/* End PBXContainerItemProxy section */

/* Begin PBXCopyFilesBuildPhase section */
		739ED01A295DDDD900B79A27 /* Embed Frameworks */ = {
			isa = PBXCopyFilesBuildPhase;
			buildActionMask = 2147483647;
			dstPath = "";
			dstSubfolderSpec = 10;
			files = (
				739ED019295DDDD900B79A27 /* Core.framework in Embed Frameworks */,
			);
			name = "Embed Frameworks";
			runOnlyForDeploymentPostprocessing = 0;
		};
/* End PBXCopyFilesBuildPhase section */

/* Begin PBXFileReference section */
		733198C8295E36B400336E61 /* GameSummary.swift */ = {isa = PBXFileReference; lastKnownFileType = sourcecode.swift; path = GameSummary.swift; sourceTree = "<group>"; };
		733198CB295E37E500336E61 /* Team.swift */ = {isa = PBXFileReference; lastKnownFileType = sourcecode.swift; path = Team.swift; sourceTree = "<group>"; };
		73319AE3295F1F2400336E61 /* GameSummaryViewTests.swift */ = {isa = PBXFileReference; lastKnownFileType = sourcecode.swift; path = GameSummaryViewTests.swift; sourceTree = "<group>"; };
		73319CCF295F22F800336E61 /* GameSummary+Stubs.swift */ = {isa = PBXFileReference; lastKnownFileType = sourcecode.swift; path = "GameSummary+Stubs.swift"; sourceTree = "<group>"; };
		73319CD8295F2CAC00336E61 /* Localizable.strings */ = {isa = PBXFileReference; lastKnownFileType = text.plist.strings; path = Localizable.strings; sourceTree = "<group>"; };
		73319CDA295F2CC800336E61 /* Assets.xcassets */ = {isa = PBXFileReference; lastKnownFileType = folder.assetcatalog; path = Assets.xcassets; sourceTree = "<group>"; };
		73319D22295F2ED800336E61 /* Assets.generated.swift */ = {isa = PBXFileReference; fileEncoding = 4; lastKnownFileType = sourcecode.swift; path = Assets.generated.swift; sourceTree = "<group>"; };
		73319D23295F2ED800336E61 /* Strings.generated.swift */ = {isa = PBXFileReference; fileEncoding = 4; lastKnownFileType = sourcecode.swift; path = Strings.generated.swift; sourceTree = "<group>"; };
		73319D2A295F601900336E61 /* GamesService.swift */ = {isa = PBXFileReference; lastKnownFileType = sourcecode.swift; path = GamesService.swift; sourceTree = "<group>"; };
		73319D37295F793B00336E61 /* GameListViewModelTests.swift */ = {isa = PBXFileReference; lastKnownFileType = sourcecode.swift; path = GameListViewModelTests.swift; sourceTree = "<group>"; };
		73319D39295F7A2500336E61 /* GameServiceMock.swift */ = {isa = PBXFileReference; lastKnownFileType = sourcecode.swift; path = GameServiceMock.swift; sourceTree = "<group>"; };
		73319D3B295F7F4E00336E61 /* GameCoordinatorSpy.swift */ = {isa = PBXFileReference; lastKnownFileType = sourcecode.swift; path = GameCoordinatorSpy.swift; sourceTree = "<group>"; };
		73319D6D2960A3E400336E61 /* GameDetailsViewModel.swift */ = {isa = PBXFileReference; lastKnownFileType = sourcecode.swift; path = GameDetailsViewModel.swift; sourceTree = "<group>"; };
		73319D6F2960A40200336E61 /* GameDetailsController.swift */ = {isa = PBXFileReference; lastKnownFileType = sourcecode.swift; path = GameDetailsController.swift; sourceTree = "<group>"; };
		73319D712960A51500336E61 /* GameHighlight.swift */ = {isa = PBXFileReference; lastKnownFileType = sourcecode.swift; path = GameHighlight.swift; sourceTree = "<group>"; };
		73319D732960A72400336E61 /* GameDetailsView.swift */ = {isa = PBXFileReference; lastKnownFileType = sourcecode.swift; path = GameDetailsView.swift; sourceTree = "<group>"; };
		739ECFFB295DDDA300B79A27 /* FeatureGames.framework */ = {isa = PBXFileReference; explicitFileType = wrapper.framework; includeInIndex = 0; path = FeatureGames.framework; sourceTree = BUILT_PRODUCTS_DIR; };
		739ECFFE295DDDA300B79A27 /* FeatureGames.h */ = {isa = PBXFileReference; lastKnownFileType = sourcecode.c.h; path = FeatureGames.h; sourceTree = "<group>"; };
		739ED003295DDDA400B79A27 /* FeatureGamesTests.xctest */ = {isa = PBXFileReference; explicitFileType = wrapper.cfbundle; includeInIndex = 0; path = FeatureGamesTests.xctest; sourceTree = BUILT_PRODUCTS_DIR; };
		739ED017295DDDD900B79A27 /* Core.framework */ = {isa = PBXFileReference; explicitFileType = wrapper.framework; path = Core.framework; sourceTree = BUILT_PRODUCTS_DIR; };
		739ED024295DE4DE00B79A27 /* GamesCoordinator.swift */ = {isa = PBXFileReference; lastKnownFileType = sourcecode.swift; path = GamesCoordinator.swift; sourceTree = "<group>"; };
		739ED220295E097400B79A27 /* GameListController.swift */ = {isa = PBXFileReference; lastKnownFileType = sourcecode.swift; path = GameListController.swift; sourceTree = "<group>"; };
		739ED225295E0A7500B79A27 /* GameListViewModel.swift */ = {isa = PBXFileReference; lastKnownFileType = sourcecode.swift; path = GameListViewModel.swift; sourceTree = "<group>"; };
		739ED227295E0BC500B79A27 /* GameListView.swift */ = {isa = PBXFileReference; lastKnownFileType = sourcecode.swift; path = GameListView.swift; sourceTree = "<group>"; };
		73F59DB9295E24150072985B /* GameListCell.swift */ = {isa = PBXFileReference; lastKnownFileType = sourcecode.swift; path = GameListCell.swift; sourceTree = "<group>"; };
		73F59DBE295E2C4A0072985B /* GameSumaryView.swift */ = {isa = PBXFileReference; lastKnownFileType = sourcecode.swift; path = GameSumaryView.swift; sourceTree = "<group>"; };
/* End PBXFileReference section */

/* Begin PBXFrameworksBuildPhase section */
		739ECFF8295DDDA300B79A27 /* Frameworks */ = {
			isa = PBXFrameworksBuildPhase;
			buildActionMask = 2147483647;
			files = (
				733198CF295E3D6C00336E61 /* Nuke in Frameworks */,
				739ED018295DDDD900B79A27 /* Core.framework in Frameworks */,
				739ED235295E136300B79A27 /* TinyConstraints in Frameworks */,
			);
			runOnlyForDeploymentPostprocessing = 0;
		};
		739ED000295DDDA400B79A27 /* Frameworks */ = {
			isa = PBXFrameworksBuildPhase;
			buildActionMask = 2147483647;
			files = (
				739ED004295DDDA400B79A27 /* FeatureGames.framework in Frameworks */,
				73319AE1295F1EF100336E61 /* SnapshotTesting in Frameworks */,
			);
			runOnlyForDeploymentPostprocessing = 0;
		};
/* End PBXFrameworksBuildPhase section */

/* Begin PBXGroup section */
		733198C7295E369D00336E61 /* Data */ = {
			isa = PBXGroup;
			children = (
				733198CA295E37DA00336E61 /* Models */,
				73319D2A295F601900336E61 /* GamesService.swift */,
			);
			path = Data;
			sourceTree = "<group>";
		};
		733198CA295E37DA00336E61 /* Models */ = {
			isa = PBXGroup;
			children = (
				733198C8295E36B400336E61 /* GameSummary.swift */,
				733198CB295E37E500336E61 /* Team.swift */,
				73319D712960A51500336E61 /* GameHighlight.swift */,
			);
			path = Models;
			sourceTree = "<group>";
		};
		73319CCA295F202200336E61 /* TestSupport */ = {
			isa = PBXGroup;
			children = (
				73319CCE295F22EB00336E61 /* Stubs */,
				73319D39295F7A2500336E61 /* GameServiceMock.swift */,
				73319D3B295F7F4E00336E61 /* GameCoordinatorSpy.swift */,
			);
			path = TestSupport;
			sourceTree = "<group>";
		};
		73319CCE295F22EB00336E61 /* Stubs */ = {
			isa = PBXGroup;
			children = (
				73319CCF295F22F800336E61 /* GameSummary+Stubs.swift */,
			);
			path = Stubs;
			sourceTree = "<group>";
		};
		73319CD6295F2C9900336E61 /* Resources */ = {
			isa = PBXGroup;
			children = (
				73319CD7295F2C9E00336E61 /* Generated */,
				73319CD8295F2CAC00336E61 /* Localizable.strings */,
				73319CDA295F2CC800336E61 /* Assets.xcassets */,
			);
			path = Resources;
			sourceTree = "<group>";
		};
		73319CD7295F2C9E00336E61 /* Generated */ = {
			isa = PBXGroup;
			children = (
				73319D22295F2ED800336E61 /* Assets.generated.swift */,
				73319D23295F2ED800336E61 /* Strings.generated.swift */,
			);
			path = Generated;
			sourceTree = "<group>";
		};
		73319D36295F792A00336E61 /* GameList */ = {
			isa = PBXGroup;
			children = (
				73319D37295F793B00336E61 /* GameListViewModelTests.swift */,
			);
			path = GameList;
			sourceTree = "<group>";
		};
		73319D6C2960A3D400336E61 /* GameDetails */ = {
			isa = PBXGroup;
			children = (
				73319D6D2960A3E400336E61 /* GameDetailsViewModel.swift */,
				73319D6F2960A40200336E61 /* GameDetailsController.swift */,
				73319D732960A72400336E61 /* GameDetailsView.swift */,
			);
			path = GameDetails;
			sourceTree = "<group>";
		};
		739ECFF1295DDDA300B79A27 = {
			isa = PBXGroup;
			children = (
				739ECFFD295DDDA300B79A27 /* FeatureGames */,
				739ED007295DDDA400B79A27 /* FeatureGamesTests */,
				739ECFFC295DDDA300B79A27 /* Products */,
				739ED016295DDDD900B79A27 /* Frameworks */,
			);
			sourceTree = "<group>";
		};
		739ECFFC295DDDA300B79A27 /* Products */ = {
			isa = PBXGroup;
			children = (
				739ECFFB295DDDA300B79A27 /* FeatureGames.framework */,
				739ED003295DDDA400B79A27 /* FeatureGamesTests.xctest */,
			);
			name = Products;
			sourceTree = "<group>";
		};
		739ECFFD295DDDA300B79A27 /* FeatureGames */ = {
			isa = PBXGroup;
			children = (
				73319D6C2960A3D400336E61 /* GameDetails */,
				73319CD6295F2C9900336E61 /* Resources */,
				733198C7295E369D00336E61 /* Data */,
				73F59DC0295E2C530072985B /* Shared */,
				739ED21F295E095F00B79A27 /* GameList */,
				739ECFFE295DDDA300B79A27 /* FeatureGames.h */,
				739ED024295DE4DE00B79A27 /* GamesCoordinator.swift */,
			);
			path = FeatureGames;
			sourceTree = "<group>";
		};
		739ED007295DDDA400B79A27 /* FeatureGamesTests */ = {
			isa = PBXGroup;
			children = (
				73319D36295F792A00336E61 /* GameList */,
				73319CCA295F202200336E61 /* TestSupport */,
				73319AE3295F1F2400336E61 /* GameSummaryViewTests.swift */,
			);
			path = FeatureGamesTests;
			sourceTree = "<group>";
		};
		739ED016295DDDD900B79A27 /* Frameworks */ = {
			isa = PBXGroup;
			children = (
				739ED017295DDDD900B79A27 /* Core.framework */,
			);
			name = Frameworks;
			sourceTree = "<group>";
		};
		739ED21F295E095F00B79A27 /* GameList */ = {
			isa = PBXGroup;
			children = (
				739ED220295E097400B79A27 /* GameListController.swift */,
				739ED225295E0A7500B79A27 /* GameListViewModel.swift */,
				739ED227295E0BC500B79A27 /* GameListView.swift */,
				73F59DB9295E24150072985B /* GameListCell.swift */,
			);
			path = GameList;
			sourceTree = "<group>";
		};
		73F59DC0295E2C530072985B /* Shared */ = {
			isa = PBXGroup;
			children = (
				73F59DBE295E2C4A0072985B /* GameSumaryView.swift */,
			);
			path = Shared;
			sourceTree = "<group>";
		};
/* End PBXGroup section */

/* Begin PBXHeadersBuildPhase section */
		739ECFF6295DDDA300B79A27 /* Headers */ = {
			isa = PBXHeadersBuildPhase;
			buildActionMask = 2147483647;
			files = (
				739ED00A295DDDA400B79A27 /* FeatureGames.h in Headers */,
			);
			runOnlyForDeploymentPostprocessing = 0;
		};
/* End PBXHeadersBuildPhase section */

/* Begin PBXNativeTarget section */
		739ECFFA295DDDA300B79A27 /* FeatureGames */ = {
			isa = PBXNativeTarget;
			buildConfigurationList = 739ED00D295DDDA400B79A27 /* Build configuration list for PBXNativeTarget "FeatureGames" */;
			buildPhases = (
				73319CDC295F2D5800336E61 /* SwiftGen */,
				739ECFF6295DDDA300B79A27 /* Headers */,
				739ECFF7295DDDA300B79A27 /* Sources */,
				739ECFF8295DDDA300B79A27 /* Frameworks */,
				739ECFF9295DDDA300B79A27 /* Resources */,
				739ED01A295DDDD900B79A27 /* Embed Frameworks */,
				739ED01F295DE2C100B79A27 /* SwiftLint */,
			);
			buildRules = (
			);
			dependencies = (
			);
			name = FeatureGames;
			packageProductDependencies = (
				739ED234295E136300B79A27 /* TinyConstraints */,
				733198CE295E3D6C00336E61 /* Nuke */,
			);
			productName = FeatureGames;
			productReference = 739ECFFB295DDDA300B79A27 /* FeatureGames.framework */;
			productType = "com.apple.product-type.framework";
		};
		739ED002295DDDA400B79A27 /* FeatureGamesTests */ = {
			isa = PBXNativeTarget;
			buildConfigurationList = 739ED010295DDDA400B79A27 /* Build configuration list for PBXNativeTarget "FeatureGamesTests" */;
			buildPhases = (
				739ECFFF295DDDA400B79A27 /* Sources */,
				739ED000295DDDA400B79A27 /* Frameworks */,
				739ED001295DDDA400B79A27 /* Resources */,
			);
			buildRules = (
			);
			dependencies = (
				739ED006295DDDA400B79A27 /* PBXTargetDependency */,
			);
			name = FeatureGamesTests;
			packageProductDependencies = (
				73319AE0295F1EF100336E61 /* SnapshotTesting */,
			);
			productName = FeatureGamesTests;
			productReference = 739ED003295DDDA400B79A27 /* FeatureGamesTests.xctest */;
			productType = "com.apple.product-type.bundle.unit-test";
		};
/* End PBXNativeTarget section */

/* Begin PBXProject section */
		739ECFF2295DDDA300B79A27 /* Project object */ = {
			isa = PBXProject;
			attributes = {
				BuildIndependentTargetsInParallel = 1;
				LastSwiftUpdateCheck = 1400;
				LastUpgradeCheck = 1400;
				TargetAttributes = {
					739ECFFA295DDDA300B79A27 = {
						CreatedOnToolsVersion = 14.0;
						LastSwiftMigration = 1400;
					};
					739ED002295DDDA400B79A27 = {
						CreatedOnToolsVersion = 14.0;
					};
				};
			};
			buildConfigurationList = 739ECFF5295DDDA300B79A27 /* Build configuration list for PBXProject "FeatureGames" */;
			compatibilityVersion = "Xcode 14.0";
			developmentRegion = en;
			hasScannedForEncodings = 0;
			knownRegions = (
				en,
				Base,
			);
			mainGroup = 739ECFF1295DDDA300B79A27;
			packageReferences = (
				739ED233295E136300B79A27 /* XCRemoteSwiftPackageReference "TinyConstraints" */,
				733198CD295E3D6C00336E61 /* XCRemoteSwiftPackageReference "Nuke" */,
				73319ADF295F1EF100336E61 /* XCRemoteSwiftPackageReference "swift-snapshot-testing" */,
			);
			productRefGroup = 739ECFFC295DDDA300B79A27 /* Products */;
			projectDirPath = "";
			projectRoot = "";
			targets = (
				739ECFFA295DDDA300B79A27 /* FeatureGames */,
				739ED002295DDDA400B79A27 /* FeatureGamesTests */,
			);
		};
/* End PBXProject section */

/* Begin PBXResourcesBuildPhase section */
		739ECFF9295DDDA300B79A27 /* Resources */ = {
			isa = PBXResourcesBuildPhase;
			buildActionMask = 2147483647;
			files = (
				73319CDB295F2CC800336E61 /* Assets.xcassets in Resources */,
				73319CD9295F2CAC00336E61 /* Localizable.strings in Resources */,
			);
			runOnlyForDeploymentPostprocessing = 0;
		};
		739ED001295DDDA400B79A27 /* Resources */ = {
			isa = PBXResourcesBuildPhase;
			buildActionMask = 2147483647;
			files = (
			);
			runOnlyForDeploymentPostprocessing = 0;
		};
/* End PBXResourcesBuildPhase section */

/* Begin PBXShellScriptBuildPhase section */
		73319CDC295F2D5800336E61 /* SwiftGen */ = {
			isa = PBXShellScriptBuildPhase;
			alwaysOutOfDate = 1;
			buildActionMask = 2147483647;
			files = (
			);
			inputFileListPaths = (
			);
			inputPaths = (
			);
			name = SwiftGen;
			outputFileListPaths = (
			);
			outputPaths = (
			);
			runOnlyForDeploymentPostprocessing = 0;
			shellPath = /bin/sh;
			shellScript = "`readlink $HOME/.mint/bin/swiftgen`\n";
		};
		739ED01F295DE2C100B79A27 /* SwiftLint */ = {
			isa = PBXShellScriptBuildPhase;
			alwaysOutOfDate = 1;
			buildActionMask = 2147483647;
			files = (
			);
			inputFileListPaths = (
			);
			inputPaths = (
			);
			name = SwiftLint;
			outputFileListPaths = (
			);
			outputPaths = (
			);
			runOnlyForDeploymentPostprocessing = 0;
			shellPath = /bin/sh;
			shellScript = "$HOME/.mint/bin/swiftlint\n";
		};
/* End PBXShellScriptBuildPhase section */

/* Begin PBXSourcesBuildPhase section */
		739ECFF7295DDDA300B79A27 /* Sources */ = {
			isa = PBXSourcesBuildPhase;
			buildActionMask = 2147483647;
			files = (
				739ED025295DE4DE00B79A27 /* GamesCoordinator.swift in Sources */,
				73319D742960A72400336E61 /* GameDetailsView.swift in Sources */,
				73319D6E2960A3E400336E61 /* GameDetailsViewModel.swift in Sources */,
				739ED221295E097400B79A27 /* GameListController.swift in Sources */,
				73319D24295F2ED800336E61 /* Assets.generated.swift in Sources */,
				73319D702960A40200336E61 /* GameDetailsController.swift in Sources */,
				739ED228295E0BC500B79A27 /* GameListView.swift in Sources */,
				739ED226295E0A7500B79A27 /* GameListViewModel.swift in Sources */,
				733198CC295E37E500336E61 /* Team.swift in Sources */,
				73319D722960A51500336E61 /* GameHighlight.swift in Sources */,
				73F59DBA295E24150072985B /* GameListCell.swift in Sources */,
				73319D25295F2ED800336E61 /* Strings.generated.swift in Sources */,
				733198C9295E36B400336E61 /* GameSummary.swift in Sources */,
				73319D2B295F601900336E61 /* GamesService.swift in Sources */,
				73F59DBF295E2C4B0072985B /* GameSumaryView.swift in Sources */,
			);
			runOnlyForDeploymentPostprocessing = 0;
		};
		739ECFFF295DDDA400B79A27 /* Sources */ = {
			isa = PBXSourcesBuildPhase;
			buildActionMask = 2147483647;
			files = (
				73319CD0295F22F800336E61 /* GameSummary+Stubs.swift in Sources */,
				73319D3C295F7F4E00336E61 /* GameCoordinatorSpy.swift in Sources */,
				73319AE4295F1F2400336E61 /* GameSummaryViewTests.swift in Sources */,
				73319D38295F793C00336E61 /* GameListViewModelTests.swift in Sources */,
				73319D3A295F7A2500336E61 /* GameServiceMock.swift in Sources */,
			);
			runOnlyForDeploymentPostprocessing = 0;
		};
/* End PBXSourcesBuildPhase section */

/* Begin PBXTargetDependency section */
		739ED006295DDDA400B79A27 /* PBXTargetDependency */ = {
			isa = PBXTargetDependency;
			target = 739ECFFA295DDDA300B79A27 /* FeatureGames */;
			targetProxy = 739ED005295DDDA400B79A27 /* PBXContainerItemProxy */;
		};
/* End PBXTargetDependency section */

/* Begin XCBuildConfiguration section */
		739ED00B295DDDA400B79A27 /* Debug */ = {
			isa = XCBuildConfiguration;
			buildSettings = {
				ALWAYS_SEARCH_USER_PATHS = NO;
				CLANG_ANALYZER_NONNULL = YES;
				CLANG_ANALYZER_NUMBER_OBJECT_CONVERSION = YES_AGGRESSIVE;
				CLANG_CXX_LANGUAGE_STANDARD = "gnu++20";
				CLANG_ENABLE_MODULES = YES;
				CLANG_ENABLE_OBJC_ARC = YES;
				CLANG_ENABLE_OBJC_WEAK = YES;
				CLANG_WARN_BLOCK_CAPTURE_AUTORELEASING = YES;
				CLANG_WARN_BOOL_CONVERSION = YES;
				CLANG_WARN_COMMA = YES;
				CLANG_WARN_CONSTANT_CONVERSION = YES;
				CLANG_WARN_DEPRECATED_OBJC_IMPLEMENTATIONS = YES;
				CLANG_WARN_DIRECT_OBJC_ISA_USAGE = YES_ERROR;
				CLANG_WARN_DOCUMENTATION_COMMENTS = YES;
				CLANG_WARN_EMPTY_BODY = YES;
				CLANG_WARN_ENUM_CONVERSION = YES;
				CLANG_WARN_INFINITE_RECURSION = YES;
				CLANG_WARN_INT_CONVERSION = YES;
				CLANG_WARN_NON_LITERAL_NULL_CONVERSION = YES;
				CLANG_WARN_OBJC_IMPLICIT_RETAIN_SELF = YES;
				CLANG_WARN_OBJC_LITERAL_CONVERSION = YES;
				CLANG_WARN_OBJC_ROOT_CLASS = YES_ERROR;
				CLANG_WARN_QUOTED_INCLUDE_IN_FRAMEWORK_HEADER = YES;
				CLANG_WARN_RANGE_LOOP_ANALYSIS = YES;
				CLANG_WARN_STRICT_PROTOTYPES = YES;
				CLANG_WARN_SUSPICIOUS_MOVE = YES;
				CLANG_WARN_UNGUARDED_AVAILABILITY = YES_AGGRESSIVE;
				CLANG_WARN_UNREACHABLE_CODE = YES;
				CLANG_WARN__DUPLICATE_METHOD_MATCH = YES;
				COPY_PHASE_STRIP = NO;
				CURRENT_PROJECT_VERSION = 1;
				DEBUG_INFORMATION_FORMAT = dwarf;
				ENABLE_STRICT_OBJC_MSGSEND = YES;
				ENABLE_TESTABILITY = YES;
				GCC_C_LANGUAGE_STANDARD = gnu11;
				GCC_DYNAMIC_NO_PIC = NO;
				GCC_NO_COMMON_BLOCKS = YES;
				GCC_OPTIMIZATION_LEVEL = 0;
				GCC_PREPROCESSOR_DEFINITIONS = (
					"DEBUG=1",
					"$(inherited)",
				);
				GCC_WARN_64_TO_32_BIT_CONVERSION = YES;
				GCC_WARN_ABOUT_RETURN_TYPE = YES_ERROR;
				GCC_WARN_UNDECLARED_SELECTOR = YES;
				GCC_WARN_UNINITIALIZED_AUTOS = YES_AGGRESSIVE;
				GCC_WARN_UNUSED_FUNCTION = YES;
				GCC_WARN_UNUSED_VARIABLE = YES;
				IPHONEOS_DEPLOYMENT_TARGET = 16.0;
				MTL_ENABLE_DEBUG_INFO = INCLUDE_SOURCE;
				MTL_FAST_MATH = YES;
				ONLY_ACTIVE_ARCH = YES;
				SDKROOT = iphoneos;
				SWIFT_ACTIVE_COMPILATION_CONDITIONS = DEBUG;
				SWIFT_OPTIMIZATION_LEVEL = "-Onone";
				VERSIONING_SYSTEM = "apple-generic";
				VERSION_INFO_PREFIX = "";
			};
			name = Debug;
		};
		739ED00C295DDDA400B79A27 /* Release */ = {
			isa = XCBuildConfiguration;
			buildSettings = {
				ALWAYS_SEARCH_USER_PATHS = NO;
				CLANG_ANALYZER_NONNULL = YES;
				CLANG_ANALYZER_NUMBER_OBJECT_CONVERSION = YES_AGGRESSIVE;
				CLANG_CXX_LANGUAGE_STANDARD = "gnu++20";
				CLANG_ENABLE_MODULES = YES;
				CLANG_ENABLE_OBJC_ARC = YES;
				CLANG_ENABLE_OBJC_WEAK = YES;
				CLANG_WARN_BLOCK_CAPTURE_AUTORELEASING = YES;
				CLANG_WARN_BOOL_CONVERSION = YES;
				CLANG_WARN_COMMA = YES;
				CLANG_WARN_CONSTANT_CONVERSION = YES;
				CLANG_WARN_DEPRECATED_OBJC_IMPLEMENTATIONS = YES;
				CLANG_WARN_DIRECT_OBJC_ISA_USAGE = YES_ERROR;
				CLANG_WARN_DOCUMENTATION_COMMENTS = YES;
				CLANG_WARN_EMPTY_BODY = YES;
				CLANG_WARN_ENUM_CONVERSION = YES;
				CLANG_WARN_INFINITE_RECURSION = YES;
				CLANG_WARN_INT_CONVERSION = YES;
				CLANG_WARN_NON_LITERAL_NULL_CONVERSION = YES;
				CLANG_WARN_OBJC_IMPLICIT_RETAIN_SELF = YES;
				CLANG_WARN_OBJC_LITERAL_CONVERSION = YES;
				CLANG_WARN_OBJC_ROOT_CLASS = YES_ERROR;
				CLANG_WARN_QUOTED_INCLUDE_IN_FRAMEWORK_HEADER = YES;
				CLANG_WARN_RANGE_LOOP_ANALYSIS = YES;
				CLANG_WARN_STRICT_PROTOTYPES = YES;
				CLANG_WARN_SUSPICIOUS_MOVE = YES;
				CLANG_WARN_UNGUARDED_AVAILABILITY = YES_AGGRESSIVE;
				CLANG_WARN_UNREACHABLE_CODE = YES;
				CLANG_WARN__DUPLICATE_METHOD_MATCH = YES;
				COPY_PHASE_STRIP = NO;
				CURRENT_PROJECT_VERSION = 1;
				DEBUG_INFORMATION_FORMAT = "dwarf-with-dsym";
				ENABLE_NS_ASSERTIONS = NO;
				ENABLE_STRICT_OBJC_MSGSEND = YES;
				GCC_C_LANGUAGE_STANDARD = gnu11;
				GCC_NO_COMMON_BLOCKS = YES;
				GCC_WARN_64_TO_32_BIT_CONVERSION = YES;
				GCC_WARN_ABOUT_RETURN_TYPE = YES_ERROR;
				GCC_WARN_UNDECLARED_SELECTOR = YES;
				GCC_WARN_UNINITIALIZED_AUTOS = YES_AGGRESSIVE;
				GCC_WARN_UNUSED_FUNCTION = YES;
				GCC_WARN_UNUSED_VARIABLE = YES;
				IPHONEOS_DEPLOYMENT_TARGET = 16.0;
				MTL_ENABLE_DEBUG_INFO = NO;
				MTL_FAST_MATH = YES;
				SDKROOT = iphoneos;
				SWIFT_COMPILATION_MODE = wholemodule;
				SWIFT_OPTIMIZATION_LEVEL = "-O";
				VALIDATE_PRODUCT = YES;
				VERSIONING_SYSTEM = "apple-generic";
				VERSION_INFO_PREFIX = "";
			};
			name = Release;
		};
		739ED00E295DDDA400B79A27 /* Debug */ = {
			isa = XCBuildConfiguration;
			buildSettings = {
				CLANG_ENABLE_MODULES = YES;
				CODE_SIGN_STYLE = Automatic;
				CURRENT_PROJECT_VERSION = 1;
				DEFINES_MODULE = YES;
				DEVELOPMENT_TEAM = AD62P27W7L;
				DYLIB_COMPATIBILITY_VERSION = 1;
				DYLIB_CURRENT_VERSION = 1;
				DYLIB_INSTALL_NAME_BASE = "@rpath";
				GENERATE_INFOPLIST_FILE = YES;
				INFOPLIST_KEY_NSHumanReadableCopyright = "";
				INSTALL_PATH = "$(LOCAL_LIBRARY_DIR)/Frameworks";
				LD_RUNPATH_SEARCH_PATHS = (
					"$(inherited)",
					"@executable_path/Frameworks",
					"@loader_path/Frameworks",
				);
				MARKETING_VERSION = 1.0;
				PRODUCT_BUNDLE_IDENTIFIER = br.com.antonyalkmim.brasilianleague.FeatureGames;
				PRODUCT_NAME = "$(TARGET_NAME:c99extidentifier)";
				SKIP_INSTALL = YES;
				SWIFT_EMIT_LOC_STRINGS = YES;
				SWIFT_OPTIMIZATION_LEVEL = "-Onone";
				SWIFT_VERSION = 5.0;
				TARGETED_DEVICE_FAMILY = "1,2";
			};
			name = Debug;
		};
		739ED00F295DDDA400B79A27 /* Release */ = {
			isa = XCBuildConfiguration;
			buildSettings = {
				CLANG_ENABLE_MODULES = YES;
				CODE_SIGN_STYLE = Automatic;
				CURRENT_PROJECT_VERSION = 1;
				DEFINES_MODULE = YES;
				DEVELOPMENT_TEAM = AD62P27W7L;
				DYLIB_COMPATIBILITY_VERSION = 1;
				DYLIB_CURRENT_VERSION = 1;
				DYLIB_INSTALL_NAME_BASE = "@rpath";
				GENERATE_INFOPLIST_FILE = YES;
				INFOPLIST_KEY_NSHumanReadableCopyright = "";
				INSTALL_PATH = "$(LOCAL_LIBRARY_DIR)/Frameworks";
				LD_RUNPATH_SEARCH_PATHS = (
					"$(inherited)",
					"@executable_path/Frameworks",
					"@loader_path/Frameworks",
				);
				MARKETING_VERSION = 1.0;
				PRODUCT_BUNDLE_IDENTIFIER = br.com.antonyalkmim.brasilianleague.FeatureGames;
				PRODUCT_NAME = "$(TARGET_NAME:c99extidentifier)";
				SKIP_INSTALL = YES;
				SWIFT_EMIT_LOC_STRINGS = YES;
				SWIFT_VERSION = 5.0;
				TARGETED_DEVICE_FAMILY = "1,2";
			};
			name = Release;
		};
		739ED011295DDDA400B79A27 /* Debug */ = {
			isa = XCBuildConfiguration;
			buildSettings = {
				ALWAYS_EMBED_SWIFT_STANDARD_LIBRARIES = YES;
				CODE_SIGN_STYLE = Automatic;
				CURRENT_PROJECT_VERSION = 1;
				DEVELOPMENT_TEAM = AD62P27W7L;
				GENERATE_INFOPLIST_FILE = YES;
				MARKETING_VERSION = 1.0;
				PRODUCT_BUNDLE_IDENTIFIER = br.com.antonyalkmim.brasilianleague.FeatureGamesTests;
				PRODUCT_NAME = "$(TARGET_NAME)";
				SWIFT_EMIT_LOC_STRINGS = NO;
				SWIFT_VERSION = 5.0;
				TARGETED_DEVICE_FAMILY = "1,2";
			};
			name = Debug;
		};
		739ED012295DDDA400B79A27 /* Release */ = {
			isa = XCBuildConfiguration;
			buildSettings = {
				ALWAYS_EMBED_SWIFT_STANDARD_LIBRARIES = YES;
				CODE_SIGN_STYLE = Automatic;
				CURRENT_PROJECT_VERSION = 1;
				DEVELOPMENT_TEAM = AD62P27W7L;
				GENERATE_INFOPLIST_FILE = YES;
				MARKETING_VERSION = 1.0;
				PRODUCT_BUNDLE_IDENTIFIER = br.com.antonyalkmim.brasilianleague.FeatureGamesTests;
				PRODUCT_NAME = "$(TARGET_NAME)";
				SWIFT_EMIT_LOC_STRINGS = NO;
				SWIFT_VERSION = 5.0;
				TARGETED_DEVICE_FAMILY = "1,2";
			};
			name = Release;
		};
/* End XCBuildConfiguration section */

/* Begin XCConfigurationList section */
		739ECFF5295DDDA300B79A27 /* Build configuration list for PBXProject "FeatureGames" */ = {
			isa = XCConfigurationList;
			buildConfigurations = (
				739ED00B295DDDA400B79A27 /* Debug */,
				739ED00C295DDDA400B79A27 /* Release */,
			);
			defaultConfigurationIsVisible = 0;
			defaultConfigurationName = Release;
		};
		739ED00D295DDDA400B79A27 /* Build configuration list for PBXNativeTarget "FeatureGames" */ = {
			isa = XCConfigurationList;
			buildConfigurations = (
				739ED00E295DDDA400B79A27 /* Debug */,
				739ED00F295DDDA400B79A27 /* Release */,
			);
			defaultConfigurationIsVisible = 0;
			defaultConfigurationName = Release;
		};
		739ED010295DDDA400B79A27 /* Build configuration list for PBXNativeTarget "FeatureGamesTests" */ = {
			isa = XCConfigurationList;
			buildConfigurations = (
				739ED011295DDDA400B79A27 /* Debug */,
				739ED012295DDDA400B79A27 /* Release */,
			);
			defaultConfigurationIsVisible = 0;
			defaultConfigurationName = Release;
		};
/* End XCConfigurationList section */

/* Begin XCRemoteSwiftPackageReference section */
		733198CD295E3D6C00336E61 /* XCRemoteSwiftPackageReference "Nuke" */ = {
			isa = XCRemoteSwiftPackageReference;
			repositoryURL = "https://github.com/kean/Nuke";
			requirement = {
				kind = upToNextMajorVersion;
				minimumVersion = 9.0.0;
			};
		};
		73319ADF295F1EF100336E61 /* XCRemoteSwiftPackageReference "swift-snapshot-testing" */ = {
			isa = XCRemoteSwiftPackageReference;
			repositoryURL = "https://github.com/pointfreeco/swift-snapshot-testing";
			requirement = {
				kind = upToNextMajorVersion;
				minimumVersion = 1.0.0;
			};
		};
		739ED233295E136300B79A27 /* XCRemoteSwiftPackageReference "TinyConstraints" */ = {
			isa = XCRemoteSwiftPackageReference;
			repositoryURL = "https://github.com/roberthein/TinyConstraints.git";
			requirement = {
				kind = upToNextMajorVersion;
				minimumVersion = 4.0.0;
			};
		};
/* End XCRemoteSwiftPackageReference section */

/* Begin XCSwiftPackageProductDependency section */
		733198CE295E3D6C00336E61 /* Nuke */ = {
			isa = XCSwiftPackageProductDependency;
			package = 733198CD295E3D6C00336E61 /* XCRemoteSwiftPackageReference "Nuke" */;
			productName = Nuke;
		};
		73319AE0295F1EF100336E61 /* SnapshotTesting */ = {
			isa = XCSwiftPackageProductDependency;
			package = 73319ADF295F1EF100336E61 /* XCRemoteSwiftPackageReference "swift-snapshot-testing" */;
			productName = SnapshotTesting;
		};
		739ED234295E136300B79A27 /* TinyConstraints */ = {
			isa = XCSwiftPackageProductDependency;
			package = 739ED233295E136300B79A27 /* XCRemoteSwiftPackageReference "TinyConstraints" */;
			productName = TinyConstraints;
		};
/* End XCSwiftPackageProductDependency section */
	};
	rootObject = 739ECFF2295DDDA300B79A27 /* Project object */;
}
